{
  "version": 4,
  "terraform_version": "1.12.2",
  "serial": 260,
  "lineage": "3987355e-088a-0892-2f58-210a5530d9c7",
  "outputs": {
    "access_entries_summary": {
      "value": {
        "note": "Node role and service role access entries are automatically managed by EKS",
        "user_access": "arn:aws:iam::299138067566:user/technobd-limon-k"
      },
      "type": [
        "object",
        {
          "note": "string",
          "user_access": "string"
        }
      ]
    },
    "addons_arns": {
      "value": {
        "coredns": "arn:aws:eks:eu-central-1:299138067566:addon/devops_cluster/coredns/7ecca693-4fa4-3086-d46a-2a9e58d83326",
        "external_dns": "arn:aws:eks:eu-central-1:299138067566:addon/devops_cluster/external-dns/cacca693-4fa6-6047-3d38-73a17e4779f2",
        "kube_proxy": "arn:aws:eks:eu-central-1:299138067566:addon/devops_cluster/kube-proxy/decca693-4fa3-9667-7745-f04b550711b0",
        "metrics_server": "arn:aws:eks:eu-central-1:299138067566:addon/devops_cluster/metrics-server/28cca693-4fa1-eb5a-1dfb-06ae9a9858e4",
        "pod_identity_agent": "arn:aws:eks:eu-central-1:299138067566:addon/devops_cluster/eks-pod-identity-agent/5acca693-4fbe-a703-0407-5e2bd69f4fb0",
        "vpc_cni": "arn:aws:eks:eu-central-1:299138067566:addon/devops_cluster/vpc-cni/54cca693-4fa2-b47b-c642-49f2b1434e4e"
      },
      "type": [
        "object",
        {
          "coredns": "string",
          "external_dns": "string",
          "kube_proxy": "string",
          "metrics_server": "string",
          "pod_identity_agent": "string",
          "vpc_cni": "string"
        }
      ]
    },
    "addons_summary": {
      "value": {
        "coredns": "v1.12.1-eksbuild.2",
        "external_dns": "v0.19.0-eksbuild.2",
        "kube_proxy": "v1.33.0-eksbuild.2",
        "metrics_server": "v0.8.0-eksbuild.2",
        "pod_identity_agent": "v1.3.8-eksbuild.2",
        "vpc_cni": "v1.19.5-eksbuild.1"
      },
      "type": [
        "object",
        {
          "coredns": "string",
          "external_dns": "string",
          "kube_proxy": "string",
          "metrics_server": "string",
          "pod_identity_agent": "string",
          "vpc_cni": "string"
        }
      ]
    },
    "bastion_instance_id": {
      "value": "i-0a57cc2d3a536dd4c",
      "type": "string"
    },
    "bastion_public_dns": {
      "value": "ec2-18-195-122-40.eu-central-1.compute.amazonaws.com",
      "type": "string"
    },
    "bastion_public_ip": {
      "value": "18.195.122.40",
      "type": "string"
    },
    "bastion_security_group_id": {
      "value": "sg-04f84f93bb00755d1",
      "type": "string"
    },
    "bastion_setup_summary": {
      "value": {
        "ami_id": "ami-0a116fa7c861dd5f9",
        "installed_tools": [
          "Docker",
          "kubectl",
          "AWS CLI v2",
          "eksctl",
          "Helm"
        ],
        "instance_type": "t2.small",
        "key_name": "europe_limon",
        "public_ip": "18.195.122.40",
        "security_group": "devops_ec2_sg"
      },
      "type": [
        "object",
        {
          "ami_id": "string",
          "installed_tools": [
            "tuple",
            [
              "string",
              "string",
              "string",
              "string",
              "string"
            ]
          ],
          "instance_type": "string",
          "key_name": "string",
          "public_ip": "string",
          "security_group": "string"
        }
      ]
    },
    "cluster_arn": {
      "value": "arn:aws:eks:eu-central-1:299138067566:cluster/devops_cluster",
      "type": "string"
    },
    "cluster_authentication_mode": {
      "value": "API_AND_CONFIG_MAP",
      "type": "string"
    },
    "cluster_certificate_authority_data": {
      "value": "LS0tLS1CRUdJTiBDRVJUSUZJQ0FURS0tLS0tCk1JSURCVENDQWUyZ0F3SUJBZ0lJUERCSUJxNmlzWWt3RFFZSktvWklodmNOQVFFTEJRQXdGVEVUTUJFR0ExVUUKQXhNS2EzVmlaWEp1WlhSbGN6QWVGdzB5TlRBNU1UVXhNRFU1TlRaYUZ3MHpOVEE1TVRNeE1UQTBOVFphTUJVeApFekFSQmdOVkJBTVRDbXQxWW1WeWJtVjBaWE13Z2dFaU1BMEdDU3FHU0liM0RRRUJBUVVBQTRJQkR3QXdnZ0VLCkFvSUJBUUR2OFU0OHlQc1NGdnlGVkRDMlZDR21lMGFlUDlrWTNLNkpzcm95UW9FQVVRMEF3QnM2OFVHNGpHUWwKaXhkeStud2ZISytKbGZ4RHVqdVJXRFNEUWdmbXlNUmNIZXpLTHU5cFNvL1d6N0NaM1RIVUtrSXpuRWJIQk1PSgpwMXFSM1FrQURyQWxmOTMwY2d5dzBPWmVTekhqVktmdU5vNnp1Y05RTUljWmJxeGI4UXU0SDlqRHpoMGJ5VnFFClNDQ2RndHhOLzNVdUxaTHdFUkJDb2VyVlV3UjdhTjl3cW1iZXV4Y1lxV3ZqdHFuNmNaeUhBTHl1d0ZTc0VyVzYKQmUzekMxV0lKSzdkemVqMEVWYVJhYW05ZlV4dDNnMVhKTitWTWU4Q3FHNW9uYXlLYlBiOEtmWDU1ckljTVFHZwo1V25seE0rWlZ2QjVMSjE5N1FKRG1RSWNFQnh4QWdNQkFBR2pXVEJYTUE0R0ExVWREd0VCL3dRRUF3SUNwREFQCkJnTlZIUk1CQWY4RUJUQURBUUgvTUIwR0ExVWREZ1FXQkJTZndXZmRiaGtuU2s1eW1pcEVWTkFCNm82bmVqQVYKQmdOVkhSRUVEakFNZ2dwcmRXSmxjbTVsZEdWek1BMEdDU3FHU0liM0RRRUJDd1VBQTRJQkFRQ1ZyMEE4QUlYMQpOeXgvSy9UN2x2ZFArQ1IrYm1HTmd6SGJyWnNkdGpZcTYvYXdodUk2NlN2ck5FdUxkbDJLTGF1UjhsTTBOQkdLClRTbzQ2c1lOUHVDaW5vMXIzRzJSdzFWQnNCbnVuOW9GTzBpVnh2SGV3TGRFczhjcUttK1NKQ1lPU0JoNnN5TWsKV2VOZHVrVEJiRUdsMjZWWFdodGoyb2NpcG5DajFPeVltSmwxK1NrZzFPMk9BQzA1M2FIM2doRWt5S29heEpKdgpjS3ZhV0FaTzFjemRYVEFKaTMxSkxBWGVybUhidzlhUEwxb3U5WVh2KzJuZUZGQUc5M1J3blF2cjVRb1VWSFhXCkxhVEF3cGJlTmprM3JBYnRsM2xNTW9QUkVreHBpclVRY1dEeFUxc0VwSCtnbnhYYTFialkybDhvMEhJWDBIelUKNFpzUjVNRFRnbEdHCi0tLS0tRU5EIENFUlRJRklDQVRFLS0tLS0K",
      "type": "string"
    },
    "cluster_endpoint": {
      "value": "https://217771428DF32B313B61EF1E110E81E3.gr7.eu-central-1.eks.amazonaws.com",
      "type": "string"
    },
    "cluster_iam_role_name": {
      "value": "arn:aws:iam::299138067566:role/AmazonEKSAutoClusterRole",
      "type": "string"
    },
    "cluster_id": {
      "value": "devops_cluster",
      "type": "string"
    },
    "cluster_oidc_issuer_url": {
      "value": "https://oidc.eks.eu-central-1.amazonaws.com/id/217771428DF32B313B61EF1E110E81E3",
      "type": "string"
    },
    "cluster_security_group_id": {
      "value": "sg-0c7f2580144047804",
      "type": "string"
    },
    "ecr_access_status": {
      "value": {
        "backend_repository": "devops-backend",
        "eks_node_access": "Configured for pull operations",
        "frontend_repository": "devops-frontend"
      },
      "type": [
        "object",
        {
          "backend_repository": "string",
          "eks_node_access": "string",
          "frontend_repository": "string"
        }
      ]
    },
    "ecr_backend_registry_id": {
      "value": "299138067566",
      "type": "string"
    },
    "ecr_backend_repository_arn": {
      "value": "arn:aws:ecr:eu-central-1:299138067566:repository/devops-backend",
      "type": "string"
    },
    "ecr_backend_repository_name": {
      "value": "devops-backend",
      "type": "string"
    },
    "ecr_backend_repository_url": {
      "value": "299138067566.dkr.ecr.eu-central-1.amazonaws.com/devops-backend",
      "type": "string"
    },
    "ecr_policies_summary": {
      "value": {
        "backend_policy": "devops-backend",
        "frontend_policy": "devops-frontend",
        "node_role_arn": "arn:aws:iam::299138067566:role/AmazonEKSAutoNodeRole"
      },
      "type": [
        "object",
        {
          "backend_policy": "string",
          "frontend_policy": "string",
          "node_role_arn": "string"
        }
      ]
    },
    "ecr_registry_id": {
      "value": "299138067566",
      "type": "string"
    },
    "ecr_repository_arn": {
      "value": "arn:aws:ecr:eu-central-1:299138067566:repository/devops-frontend",
      "type": "string"
    },
    "ecr_repository_name": {
      "value": "devops-frontend",
      "type": "string"
    },
    "ecr_repository_url": {
      "value": "299138067566.dkr.ecr.eu-central-1.amazonaws.com/devops-frontend",
      "type": "string"
    },
    "eks_cluster_security_group_id": {
      "value": "sg-0343932639844c8b2",
      "type": "string"
    },
    "eks_node_security_group_id": {
      "value": "sg-06608411a2e9d31ce",
      "type": "string"
    },
    "eks_security_group_rule_id": {
      "value": "sgrule-1849099258",
      "type": "string"
    },
    "node_group_arn": {
      "value": "arn:aws:eks:eu-central-1:299138067566:nodegroup/devops_cluster/node/d4cca690-60bd-ac7f-1a95-96b41610d713",
      "type": "string"
    },
    "node_group_capacity_type": {
      "value": "ON_DEMAND",
      "type": "string"
    },
    "node_group_status": {
      "value": "ACTIVE",
      "type": "string"
    },
    "ssh_connection_command": {
      "value": "ssh -i europe_limon.pem ec2-user@18.195.122.40",
      "type": "string"
    },
    "user_access_entry_arn": {
      "value": "arn:aws:iam::299138067566:user/technobd-limon-k",
      "type": "string"
    },
    "user_access_entry_id": {
      "value": "devops_cluster:arn:aws:iam::299138067566:user/technobd-limon-k",
      "type": "string"
    }
  },
  "resources": [
    {
      "mode": "data",
      "type": "aws_availability_zones",
      "name": "available",
      "provider": "provider[\"registry.terraform.io/hashicorp/aws\"]",
      "instances": [
        {
          "schema_version": 0,
          "attributes": {
            "all_availability_zones": null,
            "exclude_names": null,
            "exclude_zone_ids": null,
            "filter": null,
            "group_names": [
              "eu-central-1-zg-1"
            ],
            "id": "eu-central-1",
            "names": [
              "eu-central-1a",
              "eu-central-1b",
              "eu-central-1c"
            ],
            "region": "eu-central-1",
            "state": "available",
            "timeouts": null,
            "zone_ids": [
              "euc1-az2",
              "euc1-az3",
              "euc1-az1"
            ]
          },
          "sensitive_attributes": [],
          "identity_schema_version": 0
        }
      ]
    },
    {
      "mode": "managed",
      "type": "aws_ecr_repository",
      "name": "backend",
      "provider": "provider[\"registry.terraform.io/hashicorp/aws\"]",
      "instances": [
        {
          "schema_version": 0,
          "attributes": {
            "arn": "arn:aws:ecr:eu-central-1:299138067566:repository/devops-backend",
            "encryption_configuration": [
              {
                "encryption_type": "AES256",
                "kms_key": ""
              }
            ],
            "force_delete": null,
            "id": "devops-backend",
            "image_scanning_configuration": [
              {
                "scan_on_push": true
              }
            ],
            "image_tag_mutability": "MUTABLE",
            "image_tag_mutability_exclusion_filter": [],
            "name": "devops-backend",
            "region": "eu-central-1",
            "registry_id": "299138067566",
            "repository_url": "299138067566.dkr.ecr.eu-central-1.amazonaws.com/devops-backend",
            "tags": {
              "Application": "Backend",
              "Environment": "Development",
              "Name": "devops-backend-ecr",
              "Project": "DevOps"
            },
            "tags_all": {
              "Application": "Backend",
              "Environment": "Development",
              "Name": "devops-backend-ecr",
              "Project": "DevOps"
            },
            "timeouts": null
          },
          "sensitive_attributes": [],
          "identity_schema_version": 0,
          "identity": {
            "account_id": "299138067566",
            "name": "devops-backend",
            "region": "eu-central-1"
          },
          "private": "eyJlMmJmYjczMC1lY2FhLTExZTYtOGY4OC0zNDM2M2JjN2M0YzAiOnsiZGVsZXRlIjoxMjAwMDAwMDAwMDAwfX0="
        }
      ]
    },
    {
      "mode": "managed",
      "type": "aws_ecr_repository",
      "name": "frontend",
      "provider": "provider[\"registry.terraform.io/hashicorp/aws\"]",
      "instances": [
        {
          "schema_version": 0,
          "attributes": {
            "arn": "arn:aws:ecr:eu-central-1:299138067566:repository/devops-frontend",
            "encryption_configuration": [
              {
                "encryption_type": "AES256",
                "kms_key": ""
              }
            ],
            "force_delete": null,
            "id": "devops-frontend",
            "image_scanning_configuration": [
              {
                "scan_on_push": true
              }
            ],
            "image_tag_mutability": "MUTABLE",
            "image_tag_mutability_exclusion_filter": [],
            "name": "devops-frontend",
            "region": "eu-central-1",
            "registry_id": "299138067566",
            "repository_url": "299138067566.dkr.ecr.eu-central-1.amazonaws.com/devops-frontend",
            "tags": {
              "Application": "Frontend",
              "Environment": "Development",
              "Name": "devops-frontend-ecr",
              "Project": "DevOps"
            },
            "tags_all": {
              "Application": "Frontend",
              "Environment": "Development",
              "Name": "devops-frontend-ecr",
              "Project": "DevOps"
            },
            "timeouts": null
          },
          "sensitive_attributes": [],
          "identity_schema_version": 0,
          "identity": {
            "account_id": "299138067566",
            "name": "devops-frontend",
            "region": "eu-central-1"
          },
          "private": "eyJlMmJmYjczMC1lY2FhLTExZTYtOGY4OC0zNDM2M2JjN2M0YzAiOnsiZGVsZXRlIjoxMjAwMDAwMDAwMDAwfX0="
        }
      ]
    },
    {
      "mode": "managed",
      "type": "aws_ecr_repository_policy",
      "name": "backend_eks_policy",
      "provider": "provider[\"registry.terraform.io/hashicorp/aws\"]",
      "instances": [
        {
          "schema_version": 0,
          "attributes": {
            "id": "devops-backend",
            "policy": "{\"Statement\":[{\"Action\":[\"ecr:GetDownloadUrlForLayer\",\"ecr:BatchGetImage\",\"ecr:BatchCheckLayerAvailability\"],\"Effect\":\"Allow\",\"Principal\":{\"AWS\":\"arn:aws:iam::299138067566:role/AmazonEKSAutoNodeRole\"},\"Sid\":\"AllowEKSNodeGroupPullBackend\"}],\"Version\":\"2012-10-17\"}",
            "region": "eu-central-1",
            "registry_id": "299138067566",
            "repository": "devops-backend"
          },
          "sensitive_attributes": [],
          "identity_schema_version": 0,
          "identity": {
            "account_id": "299138067566",
            "region": "eu-central-1",
            "repository": "devops-backend"
          },
          "private": "bnVsbA==",
          "dependencies": [
            "aws_ecr_repository.backend"
          ]
        }
      ]
    },
    {
      "mode": "managed",
      "type": "aws_ecr_repository_policy",
      "name": "frontend_eks_policy",
      "provider": "provider[\"registry.terraform.io/hashicorp/aws\"]",
      "instances": [
        {
          "schema_version": 0,
          "attributes": {
            "id": "devops-frontend",
            "policy": "{\"Statement\":[{\"Action\":[\"ecr:GetDownloadUrlForLayer\",\"ecr:BatchGetImage\",\"ecr:BatchCheckLayerAvailability\"],\"Effect\":\"Allow\",\"Principal\":{\"AWS\":\"arn:aws:iam::299138067566:role/AmazonEKSAutoNodeRole\"},\"Sid\":\"AllowEKSNodeGroupPullFrontend\"}],\"Version\":\"2012-10-17\"}",
            "region": "eu-central-1",
            "registry_id": "299138067566",
            "repository": "devops-frontend"
          },
          "sensitive_attributes": [],
          "identity_schema_version": 0,
          "identity": {
            "account_id": "299138067566",
            "region": "eu-central-1",
            "repository": "devops-frontend"
          },
          "private": "bnVsbA==",
          "dependencies": [
            "aws_ecr_repository.frontend"
          ]
        }
      ]
    },
    {
      "mode": "managed",
      "type": "aws_eip",
      "name": "bastion_eip",
      "provider": "provider[\"registry.terraform.io/hashicorp/aws\"]",
      "instances": [
        {
          "schema_version": 0,
          "attributes": {
            "address": null,
            "allocation_id": "eipalloc-0bc79887afaf2fb3d",
            "arn": "arn:aws:ec2:eu-central-1:299138067566:elastic-ip/eipalloc-0bc79887afaf2fb3d",
            "associate_with_private_ip": null,
            "association_id": "eipassoc-0d03ab5fa6c263bb9",
            "carrier_ip": "",
            "customer_owned_ip": "",
            "customer_owned_ipv4_pool": "",
            "domain": "vpc",
            "id": "eipalloc-0bc79887afaf2fb3d",
            "instance": "i-0a57cc2d3a536dd4c",
            "ipam_pool_id": null,
            "network_border_group": "eu-central-1",
            "network_interface": "eni-0e4f49040672ee596",
            "private_dns": "ip-10-0-1-220.eu-central-1.compute.internal",
            "private_ip": "10.0.1.220",
            "ptr_record": "",
            "public_dns": "ec2-18-195-122-40.eu-central-1.compute.amazonaws.com",
            "public_ip": "18.195.122.40",
            "public_ipv4_pool": "amazon",
            "region": "eu-central-1",
            "tags": {
              "Environment": "Development",
              "Name": "devops-bastion-eip",
              "Project": "DevOps",
              "Purpose": "Bastion Host Static IP"
            },
            "tags_all": {
              "Environment": "Development",
              "Name": "devops-bastion-eip",
              "Project": "DevOps",
              "Purpose": "Bastion Host Static IP"
            },
            "timeouts": null
          },
          "sensitive_attributes": [],
          "identity_schema_version": 0,
          "private": "eyJlMmJmYjczMC1lY2FhLTExZTYtOGY4OC0zNDM2M2JjN2M0YzAiOnsiZGVsZXRlIjoxODAwMDAwMDAwMDAsInJlYWQiOjkwMDAwMDAwMDAwMCwidXBkYXRlIjozMDAwMDAwMDAwMDB9fQ==",
          "dependencies": [
            "aws_instance.bastion_monitoring",
            "aws_security_group.devops_ec2_sg",
            "aws_subnet.public_subnet_1",
            "aws_vpc.project_devops_vpc",
            "data.aws_availability_zones.available"
          ]
        }
      ]
    },
    {
      "mode": "managed",
      "type": "aws_eip",
      "name": "nat_eip",
      "provider": "provider[\"registry.terraform.io/hashicorp/aws\"]",
      "instances": [
        {
          "schema_version": 0,
          "attributes": {
            "address": null,
            "allocation_id": "eipalloc-07231c6afaecd5265",
            "arn": "arn:aws:ec2:eu-central-1:299138067566:elastic-ip/eipalloc-07231c6afaecd5265",
            "associate_with_private_ip": null,
            "association_id": "eipassoc-02bf9e486a9974d31",
            "carrier_ip": "",
            "customer_owned_ip": "",
            "customer_owned_ipv4_pool": "",
            "domain": "vpc",
            "id": "eipalloc-07231c6afaecd5265",
            "instance": "",
            "ipam_pool_id": null,
            "network_border_group": "eu-central-1",
            "network_interface": "eni-066fd9b1f31276731",
            "private_dns": "ip-10-0-1-134.eu-central-1.compute.internal",
            "private_ip": "10.0.1.134",
            "ptr_record": "",
            "public_dns": "ec2-18-153-195-5.eu-central-1.compute.amazonaws.com",
            "public_ip": "18.153.195.5",
            "public_ipv4_pool": "amazon",
            "region": "eu-central-1",
            "tags": {
              "Name": "project-devops-nat-eip"
            },
            "tags_all": {
              "Name": "project-devops-nat-eip"
            },
            "timeouts": null
          },
          "sensitive_attributes": [],
          "identity_schema_version": 0,
          "private": "eyJlMmJmYjczMC1lY2FhLTExZTYtOGY4OC0zNDM2M2JjN2M0YzAiOnsiZGVsZXRlIjoxODAwMDAwMDAwMDAsInJlYWQiOjkwMDAwMDAwMDAwMCwidXBkYXRlIjozMDAwMDAwMDAwMDB9fQ==",
          "dependencies": [
            "aws_internet_gateway.project_devops_igw",
            "aws_vpc.project_devops_vpc"
          ]
        }
      ]
    },
    {
      "mode": "managed",
      "type": "aws_eks_access_entry",
      "name": "user_access",
      "provider": "provider[\"registry.terraform.io/hashicorp/aws\"]",
      "instances": [
        {
          "schema_version": 0,
          "attributes": {
            "access_entry_arn": "arn:aws:eks:eu-central-1:299138067566:access-entry/devops_cluster/user/299138067566/technobd-limon-k/d8cca68c-5462-d47c-1b7e-e0f63dd4a253",
            "cluster_name": "devops_cluster",
            "created_at": "2025-09-15T11:18:05Z",
            "id": "devops_cluster:arn:aws:iam::299138067566:user/technobd-limon-k",
            "kubernetes_groups": [],
            "modified_at": "2025-09-15T11:18:05Z",
            "principal_arn": "arn:aws:iam::299138067566:user/technobd-limon-k",
            "region": "eu-central-1",
            "tags": {
              "Environment": "Development",
              "Name": "devops-cluster-user-access",
              "Project": "DevOps"
            },
            "tags_all": {
              "Environment": "Development",
              "Name": "devops-cluster-user-access",
              "Project": "DevOps"
            },
            "timeouts": null,
            "type": "STANDARD",
            "user_name": "arn:aws:iam::299138067566:user/technobd-limon-k"
          },
          "sensitive_attributes": [],
          "identity_schema_version": 0,
          "private": "eyJlMmJmYjczMC1lY2FhLTExZTYtOGY4OC0zNDM2M2JjN2M0YzAiOnsiY3JlYXRlIjo2MDAwMDAwMDAwMDAsImRlbGV0ZSI6NjAwMDAwMDAwMDAwfX0=",
          "dependencies": [
            "aws_eks_cluster.devops_cluster",
            "aws_iam_role.AmazonEKSAutoClusterRole",
            "aws_iam_role_policy_attachment.AmazonEKSAutoClusterRole_BlockStoragePolicy",
            "aws_iam_role_policy_attachment.AmazonEKSAutoClusterRole_CNI_Policy",
            "aws_iam_role_policy_attachment.AmazonEKSAutoClusterRole_ClusterPolicy",
            "aws_iam_role_policy_attachment.AmazonEKSAutoClusterRole_ComputePolicy",
            "aws_iam_role_policy_attachment.AmazonEKSAutoClusterRole_LoadBalancingPolicy",
            "aws_iam_role_policy_attachment.AmazonEKSAutoClusterRole_NetworkingPolicy",
            "aws_security_group.eks_cluster_sg",
            "aws_vpc.project_devops_vpc"
          ]
        }
      ]
    },
    {
      "mode": "managed",
      "type": "aws_eks_access_policy_association",
      "name": "user_admin_policy",
      "provider": "provider[\"registry.terraform.io/hashicorp/aws\"]",
      "instances": [
        {
          "schema_version": 0,
          "attributes": {
            "access_scope": [
              {
                "namespaces": [],
                "type": "cluster"
              }
            ],
            "associated_at": "2025-09-15 11:23:03.503 +0000 UTC",
            "cluster_name": "devops_cluster",
            "id": "devops_cluster#arn:aws:iam::299138067566:user/technobd-limon-k#arn:aws:eks::aws:cluster-access-policy/AmazonEKSClusterAdminPolicy",
            "modified_at": "2025-09-15 11:23:03.503 +0000 UTC",
            "policy_arn": "arn:aws:eks::aws:cluster-access-policy/AmazonEKSClusterAdminPolicy",
            "principal_arn": "arn:aws:iam::299138067566:user/technobd-limon-k",
            "region": "eu-central-1",
            "timeouts": null
          },
          "sensitive_attributes": [],
          "identity_schema_version": 0,
          "private": "eyJlMmJmYjczMC1lY2FhLTExZTYtOGY4OC0zNDM2M2JjN2M0YzAiOnsiY3JlYXRlIjo2MDAwMDAwMDAwMDAsImRlbGV0ZSI6NjAwMDAwMDAwMDAwfX0=",
          "dependencies": [
            "aws_eks_access_entry.user_access",
            "aws_eks_cluster.devops_cluster",
            "aws_iam_role.AmazonEKSAutoClusterRole",
            "aws_iam_role_policy_attachment.AmazonEKSAutoClusterRole_BlockStoragePolicy",
            "aws_iam_role_policy_attachment.AmazonEKSAutoClusterRole_CNI_Policy",
            "aws_iam_role_policy_attachment.AmazonEKSAutoClusterRole_ClusterPolicy",
            "aws_iam_role_policy_attachment.AmazonEKSAutoClusterRole_ComputePolicy",
            "aws_iam_role_policy_attachment.AmazonEKSAutoClusterRole_LoadBalancingPolicy",
            "aws_iam_role_policy_attachment.AmazonEKSAutoClusterRole_NetworkingPolicy",
            "aws_security_group.eks_cluster_sg",
            "aws_vpc.project_devops_vpc"
          ]
        }
      ]
    },
    {
      "mode": "managed",
      "type": "aws_eks_addon",
      "name": "coredns",
      "provider": "provider[\"registry.terraform.io/hashicorp/aws\"]",
      "instances": [
        {
          "schema_version": 0,
          "attributes": {
            "addon_name": "coredns",
            "addon_version": "v1.12.1-eksbuild.2",
            "arn": "arn:aws:eks:eu-central-1:299138067566:addon/devops_cluster/coredns/7ecca693-4fa4-3086-d46a-2a9e58d83326",
            "cluster_name": "devops_cluster",
            "configuration_values": "",
            "created_at": "2025-09-15T11:33:21Z",
            "id": "devops_cluster:coredns",
            "modified_at": "2025-09-15T11:33:34Z",
            "pod_identity_association": [],
            "preserve": null,
            "region": "eu-central-1",
            "resolve_conflicts_on_create": null,
            "resolve_conflicts_on_update": null,
            "service_account_role_arn": "",
            "tags": {
              "Environment": "Development",
              "Name": "devops-cluster-coredns",
              "Project": "DevOps"
            },
            "tags_all": {
              "Environment": "Development",
              "Name": "devops-cluster-coredns",
              "Project": "DevOps"
            },
            "timeouts": null
          },
          "sensitive_attributes": [],
          "identity_schema_version": 0,
          "private": "eyJlMmJmYjczMC1lY2FhLTExZTYtOGY4OC0zNDM2M2JjN2M0YzAiOnsiY3JlYXRlIjoxMjAwMDAwMDAwMDAwLCJkZWxldGUiOjI0MDAwMDAwMDAwMDAsInVwZGF0ZSI6MTIwMDAwMDAwMDAwMH19",
          "dependencies": [
            "aws_eks_cluster.devops_cluster",
            "aws_iam_role.AmazonEKSAutoClusterRole",
            "aws_iam_role_policy_attachment.AmazonEKSAutoClusterRole_BlockStoragePolicy",
            "aws_iam_role_policy_attachment.AmazonEKSAutoClusterRole_CNI_Policy",
            "aws_iam_role_policy_attachment.AmazonEKSAutoClusterRole_ClusterPolicy",
            "aws_iam_role_policy_attachment.AmazonEKSAutoClusterRole_ComputePolicy",
            "aws_iam_role_policy_attachment.AmazonEKSAutoClusterRole_LoadBalancingPolicy",
            "aws_iam_role_policy_attachment.AmazonEKSAutoClusterRole_NetworkingPolicy",
            "aws_security_group.eks_cluster_sg",
            "aws_vpc.project_devops_vpc"
          ]
        }
      ]
    },
    {
      "mode": "managed",
      "type": "aws_eks_addon",
      "name": "eks_pod_identity_agent",
      "provider": "provider[\"registry.terraform.io/hashicorp/aws\"]",
      "instances": [
        {
          "schema_version": 0,
          "attributes": {
            "addon_name": "eks-pod-identity-agent",
            "addon_version": "v1.3.8-eksbuild.2",
            "arn": "arn:aws:eks:eu-central-1:299138067566:addon/devops_cluster/eks-pod-identity-agent/5acca693-4fbe-a703-0407-5e2bd69f4fb0",
            "cluster_name": "devops_cluster",
            "configuration_values": "",
            "created_at": "2025-09-15T11:33:21Z",
            "id": "devops_cluster:eks-pod-identity-agent",
            "modified_at": "2025-09-15T11:33:36Z",
            "pod_identity_association": [],
            "preserve": null,
            "region": "eu-central-1",
            "resolve_conflicts_on_create": null,
            "resolve_conflicts_on_update": null,
            "service_account_role_arn": "",
            "tags": {
              "Environment": "Development",
              "Name": "devops-cluster-pod-identity-agent",
              "Project": "DevOps"
            },
            "tags_all": {
              "Environment": "Development",
              "Name": "devops-cluster-pod-identity-agent",
              "Project": "DevOps"
            },
            "timeouts": null
          },
          "sensitive_attributes": [],
          "identity_schema_version": 0,
          "private": "eyJlMmJmYjczMC1lY2FhLTExZTYtOGY4OC0zNDM2M2JjN2M0YzAiOnsiY3JlYXRlIjoxMjAwMDAwMDAwMDAwLCJkZWxldGUiOjI0MDAwMDAwMDAwMDAsInVwZGF0ZSI6MTIwMDAwMDAwMDAwMH19",
          "dependencies": [
            "aws_eks_cluster.devops_cluster",
            "aws_iam_role.AmazonEKSAutoClusterRole",
            "aws_iam_role_policy_attachment.AmazonEKSAutoClusterRole_BlockStoragePolicy",
            "aws_iam_role_policy_attachment.AmazonEKSAutoClusterRole_CNI_Policy",
            "aws_iam_role_policy_attachment.AmazonEKSAutoClusterRole_ClusterPolicy",
            "aws_iam_role_policy_attachment.AmazonEKSAutoClusterRole_ComputePolicy",
            "aws_iam_role_policy_attachment.AmazonEKSAutoClusterRole_LoadBalancingPolicy",
            "aws_iam_role_policy_attachment.AmazonEKSAutoClusterRole_NetworkingPolicy",
            "aws_security_group.eks_cluster_sg",
            "aws_vpc.project_devops_vpc"
          ]
        }
      ]
    },
    {
      "mode": "managed",
      "type": "aws_eks_addon",
      "name": "external_dns",
      "provider": "provider[\"registry.terraform.io/hashicorp/aws\"]",
      "instances": [
        {
          "schema_version": 0,
          "attributes": {
            "addon_name": "external-dns",
            "addon_version": "v0.19.0-eksbuild.2",
            "arn": "arn:aws:eks:eu-central-1:299138067566:addon/devops_cluster/external-dns/cacca693-4fa6-6047-3d38-73a17e4779f2",
            "cluster_name": "devops_cluster",
            "configuration_values": "",
            "created_at": "2025-09-15T11:33:21Z",
            "id": "devops_cluster:external-dns",
            "modified_at": "2025-09-15T11:34:04Z",
            "pod_identity_association": [],
            "preserve": null,
            "region": "eu-central-1",
            "resolve_conflicts_on_create": null,
            "resolve_conflicts_on_update": null,
            "service_account_role_arn": "",
            "tags": {
              "Environment": "Development",
              "Name": "devops-cluster-external-dns",
              "Project": "DevOps"
            },
            "tags_all": {
              "Environment": "Development",
              "Name": "devops-cluster-external-dns",
              "Project": "DevOps"
            },
            "timeouts": null
          },
          "sensitive_attributes": [],
          "identity_schema_version": 0,
          "private": "eyJlMmJmYjczMC1lY2FhLTExZTYtOGY4OC0zNDM2M2JjN2M0YzAiOnsiY3JlYXRlIjoxMjAwMDAwMDAwMDAwLCJkZWxldGUiOjI0MDAwMDAwMDAwMDAsInVwZGF0ZSI6MTIwMDAwMDAwMDAwMH19",
          "dependencies": [
            "aws_eks_cluster.devops_cluster",
            "aws_iam_role.AmazonEKSAutoClusterRole",
            "aws_iam_role_policy_attachment.AmazonEKSAutoClusterRole_BlockStoragePolicy",
            "aws_iam_role_policy_attachment.AmazonEKSAutoClusterRole_CNI_Policy",
            "aws_iam_role_policy_attachment.AmazonEKSAutoClusterRole_ClusterPolicy",
            "aws_iam_role_policy_attachment.AmazonEKSAutoClusterRole_ComputePolicy",
            "aws_iam_role_policy_attachment.AmazonEKSAutoClusterRole_LoadBalancingPolicy",
            "aws_iam_role_policy_attachment.AmazonEKSAutoClusterRole_NetworkingPolicy",
            "aws_security_group.eks_cluster_sg",
            "aws_vpc.project_devops_vpc"
          ]
        }
      ]
    },
    {
      "mode": "managed",
      "type": "aws_eks_addon",
      "name": "kube_proxy",
      "provider": "provider[\"registry.terraform.io/hashicorp/aws\"]",
      "instances": [
        {
          "schema_version": 0,
          "attributes": {
            "addon_name": "kube-proxy",
            "addon_version": "v1.33.0-eksbuild.2",
            "arn": "arn:aws:eks:eu-central-1:299138067566:addon/devops_cluster/kube-proxy/decca693-4fa3-9667-7745-f04b550711b0",
            "cluster_name": "devops_cluster",
            "configuration_values": "",
            "created_at": "2025-09-15T11:33:21Z",
            "id": "devops_cluster:kube-proxy",
            "modified_at": "2025-09-15T11:33:28Z",
            "pod_identity_association": [],
            "preserve": null,
            "region": "eu-central-1",
            "resolve_conflicts_on_create": null,
            "resolve_conflicts_on_update": null,
            "service_account_role_arn": "",
            "tags": {
              "Environment": "Development",
              "Name": "devops-cluster-kube-proxy",
              "Project": "DevOps"
            },
            "tags_all": {
              "Environment": "Development",
              "Name": "devops-cluster-kube-proxy",
              "Project": "DevOps"
            },
            "timeouts": null
          },
          "sensitive_attributes": [],
          "identity_schema_version": 0,
          "private": "eyJlMmJmYjczMC1lY2FhLTExZTYtOGY4OC0zNDM2M2JjN2M0YzAiOnsiY3JlYXRlIjoxMjAwMDAwMDAwMDAwLCJkZWxldGUiOjI0MDAwMDAwMDAwMDAsInVwZGF0ZSI6MTIwMDAwMDAwMDAwMH19",
          "dependencies": [
            "aws_eks_cluster.devops_cluster",
            "aws_iam_role.AmazonEKSAutoClusterRole",
            "aws_iam_role_policy_attachment.AmazonEKSAutoClusterRole_BlockStoragePolicy",
            "aws_iam_role_policy_attachment.AmazonEKSAutoClusterRole_CNI_Policy",
            "aws_iam_role_policy_attachment.AmazonEKSAutoClusterRole_ClusterPolicy",
            "aws_iam_role_policy_attachment.AmazonEKSAutoClusterRole_ComputePolicy",
            "aws_iam_role_policy_attachment.AmazonEKSAutoClusterRole_LoadBalancingPolicy",
            "aws_iam_role_policy_attachment.AmazonEKSAutoClusterRole_NetworkingPolicy",
            "aws_security_group.eks_cluster_sg",
            "aws_vpc.project_devops_vpc"
          ]
        }
      ]
    },
    {
      "mode": "managed",
      "type": "aws_eks_addon",
      "name": "metrics_server",
      "provider": "provider[\"registry.terraform.io/hashicorp/aws\"]",
      "instances": [
        {
          "schema_version": 0,
          "attributes": {
            "addon_name": "metrics-server",
            "addon_version": "v0.8.0-eksbuild.2",
            "arn": "arn:aws:eks:eu-central-1:299138067566:addon/devops_cluster/metrics-server/28cca693-4fa1-eb5a-1dfb-06ae9a9858e4",
            "cluster_name": "devops_cluster",
            "configuration_values": "",
            "created_at": "2025-09-15T11:33:21Z",
            "id": "devops_cluster:metrics-server",
            "modified_at": "2025-09-15T11:34:16Z",
            "pod_identity_association": [],
            "preserve": null,
            "region": "eu-central-1",
            "resolve_conflicts_on_create": null,
            "resolve_conflicts_on_update": null,
            "service_account_role_arn": "",
            "tags": {
              "Environment": "Development",
              "Name": "devops-cluster-metrics-server",
              "Project": "DevOps"
            },
            "tags_all": {
              "Environment": "Development",
              "Name": "devops-cluster-metrics-server",
              "Project": "DevOps"
            },
            "timeouts": null
          },
          "sensitive_attributes": [],
          "identity_schema_version": 0,
          "private": "eyJlMmJmYjczMC1lY2FhLTExZTYtOGY4OC0zNDM2M2JjN2M0YzAiOnsiY3JlYXRlIjoxMjAwMDAwMDAwMDAwLCJkZWxldGUiOjI0MDAwMDAwMDAwMDAsInVwZGF0ZSI6MTIwMDAwMDAwMDAwMH19",
          "dependencies": [
            "aws_eks_cluster.devops_cluster",
            "aws_iam_role.AmazonEKSAutoClusterRole",
            "aws_iam_role_policy_attachment.AmazonEKSAutoClusterRole_BlockStoragePolicy",
            "aws_iam_role_policy_attachment.AmazonEKSAutoClusterRole_CNI_Policy",
            "aws_iam_role_policy_attachment.AmazonEKSAutoClusterRole_ClusterPolicy",
            "aws_iam_role_policy_attachment.AmazonEKSAutoClusterRole_ComputePolicy",
            "aws_iam_role_policy_attachment.AmazonEKSAutoClusterRole_LoadBalancingPolicy",
            "aws_iam_role_policy_attachment.AmazonEKSAutoClusterRole_NetworkingPolicy",
            "aws_security_group.eks_cluster_sg",
            "aws_vpc.project_devops_vpc"
          ]
        }
      ]
    },
    {
      "mode": "managed",
      "type": "aws_eks_addon",
      "name": "vpc_cni",
      "provider": "provider[\"registry.terraform.io/hashicorp/aws\"]",
      "instances": [
        {
          "schema_version": 0,
          "attributes": {
            "addon_name": "vpc-cni",
            "addon_version": "v1.19.5-eksbuild.1",
            "arn": "arn:aws:eks:eu-central-1:299138067566:addon/devops_cluster/vpc-cni/54cca693-4fa2-b47b-c642-49f2b1434e4e",
            "cluster_name": "devops_cluster",
            "configuration_values": "",
            "created_at": "2025-09-15T11:33:21Z",
            "id": "devops_cluster:vpc-cni",
            "modified_at": "2025-09-15T11:33:39Z",
            "pod_identity_association": [],
            "preserve": null,
            "region": "eu-central-1",
            "resolve_conflicts_on_create": null,
            "resolve_conflicts_on_update": null,
            "service_account_role_arn": "",
            "tags": {
              "Environment": "Development",
              "Name": "devops-cluster-vpc-cni",
              "Project": "DevOps"
            },
            "tags_all": {
              "Environment": "Development",
              "Name": "devops-cluster-vpc-cni",
              "Project": "DevOps"
            },
            "timeouts": null
          },
          "sensitive_attributes": [],
          "identity_schema_version": 0,
          "private": "eyJlMmJmYjczMC1lY2FhLTExZTYtOGY4OC0zNDM2M2JjN2M0YzAiOnsiY3JlYXRlIjoxMjAwMDAwMDAwMDAwLCJkZWxldGUiOjI0MDAwMDAwMDAwMDAsInVwZGF0ZSI6MTIwMDAwMDAwMDAwMH19",
          "dependencies": [
            "aws_eks_cluster.devops_cluster",
            "aws_iam_role.AmazonEKSAutoClusterRole",
            "aws_iam_role_policy_attachment.AmazonEKSAutoClusterRole_BlockStoragePolicy",
            "aws_iam_role_policy_attachment.AmazonEKSAutoClusterRole_CNI_Policy",
            "aws_iam_role_policy_attachment.AmazonEKSAutoClusterRole_ClusterPolicy",
            "aws_iam_role_policy_attachment.AmazonEKSAutoClusterRole_ComputePolicy",
            "aws_iam_role_policy_attachment.AmazonEKSAutoClusterRole_LoadBalancingPolicy",
            "aws_iam_role_policy_attachment.AmazonEKSAutoClusterRole_NetworkingPolicy",
            "aws_security_group.eks_cluster_sg",
            "aws_vpc.project_devops_vpc"
          ]
        }
      ]
    },
    {
      "mode": "managed",
      "type": "aws_eks_cluster",
      "name": "devops_cluster",
      "provider": "provider[\"registry.terraform.io/hashicorp/aws\"]",
      "instances": [
        {
          "schema_version": 1,
          "attributes": {
            "access_config": [
              {
                "authentication_mode": "API_AND_CONFIG_MAP",
                "bootstrap_cluster_creator_admin_permissions": false
              }
            ],
            "arn": "arn:aws:eks:eu-central-1:299138067566:cluster/devops_cluster",
            "bootstrap_self_managed_addons": true,
            "certificate_authority": [
              {
                "data": "LS0tLS1CRUdJTiBDRVJUSUZJQ0FURS0tLS0tCk1JSURCVENDQWUyZ0F3SUJBZ0lJUERCSUJxNmlzWWt3RFFZSktvWklodmNOQVFFTEJRQXdGVEVUTUJFR0ExVUUKQXhNS2EzVmlaWEp1WlhSbGN6QWVGdzB5TlRBNU1UVXhNRFU1TlRaYUZ3MHpOVEE1TVRNeE1UQTBOVFphTUJVeApFekFSQmdOVkJBTVRDbXQxWW1WeWJtVjBaWE13Z2dFaU1BMEdDU3FHU0liM0RRRUJBUVVBQTRJQkR3QXdnZ0VLCkFvSUJBUUR2OFU0OHlQc1NGdnlGVkRDMlZDR21lMGFlUDlrWTNLNkpzcm95UW9FQVVRMEF3QnM2OFVHNGpHUWwKaXhkeStud2ZISytKbGZ4RHVqdVJXRFNEUWdmbXlNUmNIZXpLTHU5cFNvL1d6N0NaM1RIVUtrSXpuRWJIQk1PSgpwMXFSM1FrQURyQWxmOTMwY2d5dzBPWmVTekhqVktmdU5vNnp1Y05RTUljWmJxeGI4UXU0SDlqRHpoMGJ5VnFFClNDQ2RndHhOLzNVdUxaTHdFUkJDb2VyVlV3UjdhTjl3cW1iZXV4Y1lxV3ZqdHFuNmNaeUhBTHl1d0ZTc0VyVzYKQmUzekMxV0lKSzdkemVqMEVWYVJhYW05ZlV4dDNnMVhKTitWTWU4Q3FHNW9uYXlLYlBiOEtmWDU1ckljTVFHZwo1V25seE0rWlZ2QjVMSjE5N1FKRG1RSWNFQnh4QWdNQkFBR2pXVEJYTUE0R0ExVWREd0VCL3dRRUF3SUNwREFQCkJnTlZIUk1CQWY4RUJUQURBUUgvTUIwR0ExVWREZ1FXQkJTZndXZmRiaGtuU2s1eW1pcEVWTkFCNm82bmVqQVYKQmdOVkhSRUVEakFNZ2dwcmRXSmxjbTVsZEdWek1BMEdDU3FHU0liM0RRRUJDd1VBQTRJQkFRQ1ZyMEE4QUlYMQpOeXgvSy9UN2x2ZFArQ1IrYm1HTmd6SGJyWnNkdGpZcTYvYXdodUk2NlN2ck5FdUxkbDJLTGF1UjhsTTBOQkdLClRTbzQ2c1lOUHVDaW5vMXIzRzJSdzFWQnNCbnVuOW9GTzBpVnh2SGV3TGRFczhjcUttK1NKQ1lPU0JoNnN5TWsKV2VOZHVrVEJiRUdsMjZWWFdodGoyb2NpcG5DajFPeVltSmwxK1NrZzFPMk9BQzA1M2FIM2doRWt5S29heEpKdgpjS3ZhV0FaTzFjemRYVEFKaTMxSkxBWGVybUhidzlhUEwxb3U5WVh2KzJuZUZGQUc5M1J3blF2cjVRb1VWSFhXCkxhVEF3cGJlTmprM3JBYnRsM2xNTW9QUkVreHBpclVRY1dEeFUxc0VwSCtnbnhYYTFialkybDhvMEhJWDBIelUKNFpzUjVNRFRnbEdHCi0tLS0tRU5EIENFUlRJRklDQVRFLS0tLS0K"
              }
            ],
            "cluster_id": null,
            "compute_config": [],
            "created_at": "2025-09-15T10:59:43Z",
            "deletion_protection": false,
            "enabled_cluster_log_types": [
              "api",
              "audit",
              "authenticator",
              "controllerManager",
              "scheduler"
            ],
            "encryption_config": [],
            "endpoint": "https://217771428DF32B313B61EF1E110E81E3.gr7.eu-central-1.eks.amazonaws.com",
            "force_update_version": null,
            "id": "devops_cluster",
            "identity": [
              {
                "oidc": [
                  {
                    "issuer": "https://oidc.eks.eu-central-1.amazonaws.com/id/217771428DF32B313B61EF1E110E81E3"
                  }
                ]
              }
            ],
            "kubernetes_network_config": [
              {
                "elastic_load_balancing": [
                  {
                    "enabled": false
                  }
                ],
                "ip_family": "ipv4",
                "service_ipv4_cidr": "172.20.0.0/16",
                "service_ipv6_cidr": ""
              }
            ],
            "name": "devops_cluster",
            "outpost_config": [],
            "platform_version": "eks.13",
            "region": "eu-central-1",
            "remote_network_config": [],
            "role_arn": "arn:aws:iam::299138067566:role/AmazonEKSAutoClusterRole",
            "status": "ACTIVE",
            "storage_config": [],
            "tags": {
              "Environment": "Development",
              "Name": "devops_cluster",
              "Project": "DevOps"
            },
            "tags_all": {
              "Environment": "Development",
              "Name": "devops_cluster",
              "Project": "DevOps"
            },
            "timeouts": null,
            "upgrade_policy": [
              {
                "support_type": "EXTENDED"
              }
            ],
            "version": "1.33",
            "vpc_config": [
              {
                "cluster_security_group_id": "sg-0c7f2580144047804",
                "endpoint_private_access": true,
                "endpoint_public_access": true,
                "public_access_cidrs": [
                  "0.0.0.0/0"
                ],
                "security_group_ids": [
                  "sg-0343932639844c8b2"
                ],
                "subnet_ids": [
                  "subnet-05e101e5fc59ea135",
                  "subnet-05f6d920c97137d97",
                  "subnet-0726834ef8b632510",
                  "subnet-074a6549675c80c2c"
                ],
                "vpc_id": "vpc-03185688843e29520"
              }
            ],
            "zonal_shift_config": []
          },
          "sensitive_attributes": [],
          "identity_schema_version": 0,
          "private": "eyJlMmJmYjczMC1lY2FhLTExZTYtOGY4OC0zNDM2M2JjN2M0YzAiOnsiY3JlYXRlIjoxODAwMDAwMDAwMDAwLCJkZWxldGUiOjkwMDAwMDAwMDAwMCwidXBkYXRlIjozNjAwMDAwMDAwMDAwfSwic2NoZW1hX3ZlcnNpb24iOiIxIn0=",
          "dependencies": [
            "aws_iam_role.AmazonEKSAutoClusterRole",
            "aws_iam_role_policy_attachment.AmazonEKSAutoClusterRole_BlockStoragePolicy",
            "aws_iam_role_policy_attachment.AmazonEKSAutoClusterRole_CNI_Policy",
            "aws_iam_role_policy_attachment.AmazonEKSAutoClusterRole_ClusterPolicy",
            "aws_iam_role_policy_attachment.AmazonEKSAutoClusterRole_ComputePolicy",
            "aws_iam_role_policy_attachment.AmazonEKSAutoClusterRole_LoadBalancingPolicy",
            "aws_iam_role_policy_attachment.AmazonEKSAutoClusterRole_NetworkingPolicy",
            "aws_security_group.eks_cluster_sg",
            "aws_vpc.project_devops_vpc"
          ]
        }
      ]
    },
    {
      "mode": "managed",
      "type": "aws_eks_node_group",
      "name": "node",
      "provider": "provider[\"registry.terraform.io/hashicorp/aws\"]",
      "instances": [
        {
          "schema_version": 0,
          "attributes": {
            "ami_type": "AL2023_x86_64_STANDARD",
            "arn": "arn:aws:eks:eu-central-1:299138067566:nodegroup/devops_cluster/node/d4cca690-60bd-ac7f-1a95-96b41610d713",
            "capacity_type": "ON_DEMAND",
            "cluster_name": "devops_cluster",
            "disk_size": 20,
            "force_update_version": null,
            "id": "devops_cluster:node",
            "instance_types": [
              "t2.small"
            ],
            "labels": {},
            "launch_template": [],
            "node_group_name": "node",
            "node_group_name_prefix": "",
            "node_repair_config": [],
            "node_role_arn": "arn:aws:iam::299138067566:role/AmazonEKSAutoNodeRole",
            "region": "eu-central-1",
            "release_version": "1.33.4-20250904",
            "remote_access": [],
            "resources": [
              {
                "autoscaling_groups": [
                  {
                    "name": "eks-node-d4cca690-60bd-ac7f-1a95-96b41610d713"
                  }
                ],
                "remote_access_security_group_id": ""
              }
            ],
            "scaling_config": [
              {
                "desired_size": 2,
                "max_size": 4,
                "min_size": 1
              }
            ],
            "status": "ACTIVE",
            "subnet_ids": [
              "subnet-05e101e5fc59ea135",
              "subnet-05f6d920c97137d97"
            ],
            "tags": {
              "Environment": "Development",
              "Name": "devops-cluster-node-group",
              "Project": "DevOps"
            },
            "tags_all": {
              "Environment": "Development",
              "Name": "devops-cluster-node-group",
              "Project": "DevOps"
            },
            "taint": [],
            "timeouts": null,
            "update_config": [
              {
                "max_unavailable": 0,
                "max_unavailable_percentage": 25
              }
            ],
            "version": "1.33"
          },
          "sensitive_attributes": [],
          "identity_schema_version": 0,
          "private": "eyJlMmJmYjczMC1lY2FhLTExZTYtOGY4OC0zNDM2M2JjN2M0YzAiOnsiY3JlYXRlIjozNjAwMDAwMDAwMDAwLCJkZWxldGUiOjM2MDAwMDAwMDAwMDAsInVwZGF0ZSI6MzYwMDAwMDAwMDAwMH19",
          "dependencies": [
            "aws_eks_cluster.devops_cluster",
            "aws_iam_role.AmazonEKSAutoClusterRole",
            "aws_iam_role.AmazonEKSAutoNodeRole",
            "aws_iam_role_policy_attachment.AmazonEKSAutoClusterRole_BlockStoragePolicy",
            "aws_iam_role_policy_attachment.AmazonEKSAutoClusterRole_CNI_Policy",
            "aws_iam_role_policy_attachment.AmazonEKSAutoClusterRole_ClusterPolicy",
            "aws_iam_role_policy_attachment.AmazonEKSAutoClusterRole_ComputePolicy",
            "aws_iam_role_policy_attachment.AmazonEKSAutoClusterRole_LoadBalancingPolicy",
            "aws_iam_role_policy_attachment.AmazonEKSAutoClusterRole_NetworkingPolicy",
            "aws_iam_role_policy_attachment.AmazonEKSAutoNodeRole_CNI_Policy",
            "aws_iam_role_policy_attachment.AmazonEKSAutoNodeRole_ECRPolicy",
            "aws_iam_role_policy_attachment.AmazonEKSAutoNodeRole_ECRReadOnlyPolicy",
            "aws_iam_role_policy_attachment.AmazonEKSAutoNodeRole_WorkerNodePolicy",
            "aws_security_group.eks_cluster_sg",
            "aws_vpc.project_devops_vpc"
          ]
        }
      ]
    },
    {
      "mode": "managed",
      "type": "aws_iam_role",
      "name": "AWSServiceRoleForAmazonEKS",
      "provider": "provider[\"registry.terraform.io/hashicorp/aws\"]",
      "instances": [
        {
          "schema_version": 0,
          "attributes": {
            "arn": "arn:aws:iam::299138067566:role/AmazonEKSClusterServiceRole",
            "assume_role_policy": "{\"Statement\":[{\"Action\":\"sts:AssumeRole\",\"Effect\":\"Allow\",\"Principal\":{\"Service\":\"eks.amazonaws.com\"}}],\"Version\":\"2012-10-17\"}",
            "create_date": "2025-09-11T06:54:29Z",
            "description": "",
            "force_detach_policies": false,
            "id": "AmazonEKSClusterServiceRole",
            "inline_policy": [],
            "managed_policy_arns": [
              "arn:aws:iam::aws:policy/AmazonEKSClusterPolicy"
            ],
            "max_session_duration": 3600,
            "name": "AmazonEKSClusterServiceRole",
            "name_prefix": "",
            "path": "/",
            "permissions_boundary": "",
            "tags": {
              "Name": "AmazonEKSClusterServiceRole"
            },
            "tags_all": {
              "Name": "AmazonEKSClusterServiceRole"
            },
            "unique_id": "AROAULJQEVRXABUP46AGP"
          },
          "sensitive_attributes": [],
          "identity_schema_version": 0,
          "identity": {
            "account_id": "299138067566",
            "name": "AmazonEKSClusterServiceRole"
          },
          "private": "bnVsbA=="
        }
      ]
    },
    {
      "mode": "managed",
      "type": "aws_iam_role",
      "name": "AmazonEKSAutoClusterRole",
      "provider": "provider[\"registry.terraform.io/hashicorp/aws\"]",
      "instances": [
        {
          "schema_version": 0,
          "attributes": {
            "arn": "arn:aws:iam::299138067566:role/AmazonEKSAutoClusterRole",
            "assume_role_policy": "{\"Statement\":[{\"Action\":\"sts:AssumeRole\",\"Effect\":\"Allow\",\"Principal\":{\"Service\":\"eks.amazonaws.com\"}},{\"Action\":\"sts:TagSession\",\"Effect\":\"Allow\",\"Principal\":{\"Service\":\"eks.amazonaws.com\"}}],\"Version\":\"2012-10-17\"}",
            "create_date": "2025-09-11T06:53:01Z",
            "description": "",
            "force_detach_policies": false,
            "id": "AmazonEKSAutoClusterRole",
            "inline_policy": [],
            "managed_policy_arns": [
              "arn:aws:iam::aws:policy/AmazonEKSBlockStoragePolicy",
              "arn:aws:iam::aws:policy/AmazonEKSClusterPolicy",
              "arn:aws:iam::aws:policy/AmazonEKSComputePolicy",
              "arn:aws:iam::aws:policy/AmazonEKSLoadBalancingPolicy",
              "arn:aws:iam::aws:policy/AmazonEKSNetworkingPolicy",
              "arn:aws:iam::aws:policy/AmazonEKS_CNI_Policy"
            ],
            "max_session_duration": 3600,
            "name": "AmazonEKSAutoClusterRole",
            "name_prefix": "",
            "path": "/",
            "permissions_boundary": "",
            "tags": {
              "Name": "AmazonEKSAutoClusterRole"
            },
            "tags_all": {
              "Name": "AmazonEKSAutoClusterRole"
            },
            "unique_id": "AROAULJQEVRXH4GTX2UB6"
          },
          "sensitive_attributes": [],
          "identity_schema_version": 0,
          "identity": {
            "account_id": "299138067566",
            "name": "AmazonEKSAutoClusterRole"
          },
          "private": "bnVsbA=="
        }
      ]
    },
    {
      "mode": "managed",
      "type": "aws_iam_role",
      "name": "AmazonEKSAutoNodeRole",
      "provider": "provider[\"registry.terraform.io/hashicorp/aws\"]",
      "instances": [
        {
          "schema_version": 0,
          "attributes": {
            "arn": "arn:aws:iam::299138067566:role/AmazonEKSAutoNodeRole",
            "assume_role_policy": "{\"Statement\":[{\"Action\":\"sts:AssumeRole\",\"Effect\":\"Allow\",\"Principal\":{\"Service\":\"ec2.amazonaws.com\"}}],\"Version\":\"2012-10-17\"}",
            "create_date": "2025-09-11T06:53:01Z",
            "description": "",
            "force_detach_policies": false,
            "id": "AmazonEKSAutoNodeRole",
            "inline_policy": [],
            "managed_policy_arns": [
              "arn:aws:iam::aws:policy/AmazonEC2ContainerRegistryPullOnly",
              "arn:aws:iam::aws:policy/AmazonEC2ContainerRegistryReadOnly",
              "arn:aws:iam::aws:policy/AmazonEKSWorkerNodePolicy",
              "arn:aws:iam::aws:policy/AmazonEKS_CNI_Policy"
            ],
            "max_session_duration": 3600,
            "name": "AmazonEKSAutoNodeRole",
            "name_prefix": "",
            "path": "/",
            "permissions_boundary": "",
            "tags": {
              "Name": "AmazonEKSAutoNodeRole"
            },
            "tags_all": {
              "Name": "AmazonEKSAutoNodeRole"
            },
            "unique_id": "AROAULJQEVRXGZ3ACGHRD"
          },
          "sensitive_attributes": [],
          "identity_schema_version": 0,
          "identity": {
            "account_id": "299138067566",
            "name": "AmazonEKSAutoNodeRole"
          },
          "private": "bnVsbA=="
        }
      ]
    },
    {
      "mode": "managed",
      "type": "aws_iam_role_policy_attachment",
      "name": "AWSServiceRoleForAmazonEKS_ServiceRolePolicy",
      "provider": "provider[\"registry.terraform.io/hashicorp/aws\"]",
      "instances": [
        {
          "schema_version": 0,
          "attributes": {
            "id": "AmazonEKSClusterServiceRole/arn:aws:iam::aws:policy/AmazonEKSClusterPolicy",
            "policy_arn": "arn:aws:iam::aws:policy/AmazonEKSClusterPolicy",
            "role": "AmazonEKSClusterServiceRole"
          },
          "sensitive_attributes": [],
          "identity_schema_version": 0,
          "identity": {
            "account_id": "299138067566",
            "policy_arn": "arn:aws:iam::aws:policy/AmazonEKSClusterPolicy",
            "role": "AmazonEKSClusterServiceRole"
          },
          "private": "bnVsbA==",
          "dependencies": [
            "aws_iam_role.AWSServiceRoleForAmazonEKS"
          ]
        }
      ]
    },
    {
      "mode": "managed",
      "type": "aws_iam_role_policy_attachment",
      "name": "AmazonEKSAutoClusterRole_BlockStoragePolicy",
      "provider": "provider[\"registry.terraform.io/hashicorp/aws\"]",
      "instances": [
        {
          "schema_version": 0,
          "attributes": {
            "id": "AmazonEKSAutoClusterRole/arn:aws:iam::aws:policy/AmazonEKSBlockStoragePolicy",
            "policy_arn": "arn:aws:iam::aws:policy/AmazonEKSBlockStoragePolicy",
            "role": "AmazonEKSAutoClusterRole"
          },
          "sensitive_attributes": [],
          "identity_schema_version": 0,
          "identity": {
            "account_id": "299138067566",
            "policy_arn": "arn:aws:iam::aws:policy/AmazonEKSBlockStoragePolicy",
            "role": "AmazonEKSAutoClusterRole"
          },
          "private": "bnVsbA==",
          "dependencies": [
            "aws_iam_role.AmazonEKSAutoClusterRole"
          ]
        }
      ]
    },
    {
      "mode": "managed",
      "type": "aws_iam_role_policy_attachment",
      "name": "AmazonEKSAutoClusterRole_CNI_Policy",
      "provider": "provider[\"registry.terraform.io/hashicorp/aws\"]",
      "instances": [
        {
          "schema_version": 0,
          "attributes": {
            "id": "AmazonEKSAutoClusterRole/arn:aws:iam::aws:policy/AmazonEKS_CNI_Policy",
            "policy_arn": "arn:aws:iam::aws:policy/AmazonEKS_CNI_Policy",
            "role": "AmazonEKSAutoClusterRole"
          },
          "sensitive_attributes": [],
          "identity_schema_version": 0,
          "identity": {
            "account_id": "299138067566",
            "policy_arn": "arn:aws:iam::aws:policy/AmazonEKS_CNI_Policy",
            "role": "AmazonEKSAutoClusterRole"
          },
          "private": "bnVsbA==",
          "dependencies": [
            "aws_iam_role.AmazonEKSAutoClusterRole"
          ]
        }
      ]
    },
    {
      "mode": "managed",
      "type": "aws_iam_role_policy_attachment",
      "name": "AmazonEKSAutoClusterRole_ClusterPolicy",
      "provider": "provider[\"registry.terraform.io/hashicorp/aws\"]",
      "instances": [
        {
          "schema_version": 0,
          "attributes": {
            "id": "AmazonEKSAutoClusterRole/arn:aws:iam::aws:policy/AmazonEKSClusterPolicy",
            "policy_arn": "arn:aws:iam::aws:policy/AmazonEKSClusterPolicy",
            "role": "AmazonEKSAutoClusterRole"
          },
          "sensitive_attributes": [],
          "identity_schema_version": 0,
          "identity": {
            "account_id": "299138067566",
            "policy_arn": "arn:aws:iam::aws:policy/AmazonEKSClusterPolicy",
            "role": "AmazonEKSAutoClusterRole"
          },
          "private": "bnVsbA==",
          "dependencies": [
            "aws_iam_role.AmazonEKSAutoClusterRole"
          ]
        }
      ]
    },
    {
      "mode": "managed",
      "type": "aws_iam_role_policy_attachment",
      "name": "AmazonEKSAutoClusterRole_ComputePolicy",
      "provider": "provider[\"registry.terraform.io/hashicorp/aws\"]",
      "instances": [
        {
          "schema_version": 0,
          "attributes": {
            "id": "AmazonEKSAutoClusterRole/arn:aws:iam::aws:policy/AmazonEKSComputePolicy",
            "policy_arn": "arn:aws:iam::aws:policy/AmazonEKSComputePolicy",
            "role": "AmazonEKSAutoClusterRole"
          },
          "sensitive_attributes": [],
          "identity_schema_version": 0,
          "identity": {
            "account_id": "299138067566",
            "policy_arn": "arn:aws:iam::aws:policy/AmazonEKSComputePolicy",
            "role": "AmazonEKSAutoClusterRole"
          },
          "private": "bnVsbA==",
          "dependencies": [
            "aws_iam_role.AmazonEKSAutoClusterRole"
          ]
        }
      ]
    },
    {
      "mode": "managed",
      "type": "aws_iam_role_policy_attachment",
      "name": "AmazonEKSAutoClusterRole_LoadBalancingPolicy",
      "provider": "provider[\"registry.terraform.io/hashicorp/aws\"]",
      "instances": [
        {
          "schema_version": 0,
          "attributes": {
            "id": "AmazonEKSAutoClusterRole/arn:aws:iam::aws:policy/AmazonEKSLoadBalancingPolicy",
            "policy_arn": "arn:aws:iam::aws:policy/AmazonEKSLoadBalancingPolicy",
            "role": "AmazonEKSAutoClusterRole"
          },
          "sensitive_attributes": [],
          "identity_schema_version": 0,
          "identity": {
            "account_id": "299138067566",
            "policy_arn": "arn:aws:iam::aws:policy/AmazonEKSLoadBalancingPolicy",
            "role": "AmazonEKSAutoClusterRole"
          },
          "private": "bnVsbA==",
          "dependencies": [
            "aws_iam_role.AmazonEKSAutoClusterRole"
          ]
        }
      ]
    },
    {
      "mode": "managed",
      "type": "aws_iam_role_policy_attachment",
      "name": "AmazonEKSAutoClusterRole_NetworkingPolicy",
      "provider": "provider[\"registry.terraform.io/hashicorp/aws\"]",
      "instances": [
        {
          "schema_version": 0,
          "attributes": {
            "id": "AmazonEKSAutoClusterRole/arn:aws:iam::aws:policy/AmazonEKSNetworkingPolicy",
            "policy_arn": "arn:aws:iam::aws:policy/AmazonEKSNetworkingPolicy",
            "role": "AmazonEKSAutoClusterRole"
          },
          "sensitive_attributes": [],
          "identity_schema_version": 0,
          "identity": {
            "account_id": "299138067566",
            "policy_arn": "arn:aws:iam::aws:policy/AmazonEKSNetworkingPolicy",
            "role": "AmazonEKSAutoClusterRole"
          },
          "private": "bnVsbA==",
          "dependencies": [
            "aws_iam_role.AmazonEKSAutoClusterRole"
          ]
        }
      ]
    },
    {
      "mode": "managed",
      "type": "aws_iam_role_policy_attachment",
      "name": "AmazonEKSAutoNodeRole_CNI_Policy",
      "provider": "provider[\"registry.terraform.io/hashicorp/aws\"]",
      "instances": [
        {
          "schema_version": 0,
          "attributes": {
            "id": "AmazonEKSAutoNodeRole/arn:aws:iam::aws:policy/AmazonEKS_CNI_Policy",
            "policy_arn": "arn:aws:iam::aws:policy/AmazonEKS_CNI_Policy",
            "role": "AmazonEKSAutoNodeRole"
          },
          "sensitive_attributes": [],
          "identity_schema_version": 0,
          "identity": {
            "account_id": "299138067566",
            "policy_arn": "arn:aws:iam::aws:policy/AmazonEKS_CNI_Policy",
            "role": "AmazonEKSAutoNodeRole"
          },
          "private": "bnVsbA==",
          "dependencies": [
            "aws_iam_role.AmazonEKSAutoNodeRole"
          ]
        }
      ]
    },
    {
      "mode": "managed",
      "type": "aws_iam_role_policy_attachment",
      "name": "AmazonEKSAutoNodeRole_ECRPolicy",
      "provider": "provider[\"registry.terraform.io/hashicorp/aws\"]",
      "instances": [
        {
          "schema_version": 0,
          "attributes": {
            "id": "AmazonEKSAutoNodeRole/arn:aws:iam::aws:policy/AmazonEC2ContainerRegistryPullOnly",
            "policy_arn": "arn:aws:iam::aws:policy/AmazonEC2ContainerRegistryPullOnly",
            "role": "AmazonEKSAutoNodeRole"
          },
          "sensitive_attributes": [],
          "identity_schema_version": 0,
          "identity": {
            "account_id": "299138067566",
            "policy_arn": "arn:aws:iam::aws:policy/AmazonEC2ContainerRegistryPullOnly",
            "role": "AmazonEKSAutoNodeRole"
          },
          "private": "bnVsbA==",
          "dependencies": [
            "aws_iam_role.AmazonEKSAutoNodeRole"
          ]
        }
      ]
    },
    {
      "mode": "managed",
      "type": "aws_iam_role_policy_attachment",
      "name": "AmazonEKSAutoNodeRole_ECRReadOnlyPolicy",
      "provider": "provider[\"registry.terraform.io/hashicorp/aws\"]",
      "instances": [
        {
          "schema_version": 0,
          "attributes": {
            "id": "AmazonEKSAutoNodeRole/arn:aws:iam::aws:policy/AmazonEC2ContainerRegistryReadOnly",
            "policy_arn": "arn:aws:iam::aws:policy/AmazonEC2ContainerRegistryReadOnly",
            "role": "AmazonEKSAutoNodeRole"
          },
          "sensitive_attributes": [],
          "identity_schema_version": 0,
          "identity": {
            "account_id": "299138067566",
            "policy_arn": "arn:aws:iam::aws:policy/AmazonEC2ContainerRegistryReadOnly",
            "role": "AmazonEKSAutoNodeRole"
          },
          "private": "bnVsbA==",
          "dependencies": [
            "aws_iam_role.AmazonEKSAutoNodeRole"
          ]
        }
      ]
    },
    {
      "mode": "managed",
      "type": "aws_iam_role_policy_attachment",
      "name": "AmazonEKSAutoNodeRole_WorkerNodePolicy",
      "provider": "provider[\"registry.terraform.io/hashicorp/aws\"]",
      "instances": [
        {
          "schema_version": 0,
          "attributes": {
            "id": "AmazonEKSAutoNodeRole/arn:aws:iam::aws:policy/AmazonEKSWorkerNodePolicy",
            "policy_arn": "arn:aws:iam::aws:policy/AmazonEKSWorkerNodePolicy",
            "role": "AmazonEKSAutoNodeRole"
          },
          "sensitive_attributes": [],
          "identity_schema_version": 0,
          "identity": {
            "account_id": "299138067566",
            "policy_arn": "arn:aws:iam::aws:policy/AmazonEKSWorkerNodePolicy",
            "role": "AmazonEKSAutoNodeRole"
          },
          "private": "bnVsbA==",
          "dependencies": [
            "aws_iam_role.AmazonEKSAutoNodeRole"
          ]
        }
      ]
    },
    {
      "mode": "managed",
      "type": "aws_instance",
      "name": "bastion_monitoring",
      "provider": "provider[\"registry.terraform.io/hashicorp/aws\"]",
      "instances": [
        {
          "schema_version": 2,
          "attributes": {
            "ami": "ami-0a116fa7c861dd5f9",
            "arn": "arn:aws:ec2:eu-central-1:299138067566:instance/i-0a57cc2d3a536dd4c",
            "associate_public_ip_address": true,
            "availability_zone": "eu-central-1a",
            "capacity_reservation_specification": [
              {
                "capacity_reservation_preference": "open",
                "capacity_reservation_target": []
              }
            ],
            "cpu_options": [
              {
                "amd_sev_snp": "",
                "core_count": 1,
                "threads_per_core": 1
              }
            ],
            "credit_specification": [
              {
                "cpu_credits": "standard"
              }
            ],
            "disable_api_stop": false,
            "disable_api_termination": false,
            "ebs_block_device": [],
            "ebs_optimized": false,
            "enable_primary_ipv6": null,
            "enclave_options": [
              {
                "enabled": false
              }
            ],
            "ephemeral_block_device": [],
            "force_destroy": false,
            "get_password_data": false,
            "hibernation": false,
            "host_id": "",
            "host_resource_group_arn": null,
            "iam_instance_profile": "",
            "id": "i-0a57cc2d3a536dd4c",
            "instance_initiated_shutdown_behavior": "stop",
            "instance_lifecycle": "",
            "instance_market_options": [],
            "instance_state": "running",
            "instance_type": "t2.small",
            "ipv6_address_count": 0,
            "ipv6_addresses": [],
            "key_name": "europe_limon",
            "launch_template": [],
            "maintenance_options": [
              {
                "auto_recovery": "default"
              }
            ],
            "metadata_options": [
              {
                "http_endpoint": "enabled",
                "http_protocol_ipv6": "disabled",
                "http_put_response_hop_limit": 2,
                "http_tokens": "required",
                "instance_metadata_tags": "disabled"
              }
            ],
            "monitoring": false,
            "network_interface": [],
            "outpost_arn": "",
            "password_data": "",
            "placement_group": "",
            "placement_group_id": "",
            "placement_partition_number": 0,
            "primary_network_interface": [
              {
                "delete_on_termination": true,
                "network_interface_id": "eni-0e4f49040672ee596"
              }
            ],
            "primary_network_interface_id": "eni-0e4f49040672ee596",
            "private_dns": "ip-10-0-1-220.eu-central-1.compute.internal",
            "private_dns_name_options": [
              {
                "enable_resource_name_dns_a_record": false,
                "enable_resource_name_dns_aaaa_record": false,
                "hostname_type": "ip-name"
              }
            ],
            "private_ip": "10.0.1.220",
            "public_dns": "ec2-18-195-122-40.eu-central-1.compute.amazonaws.com",
            "public_ip": "18.195.122.40",
            "region": "eu-central-1",
            "root_block_device": [
              {
                "delete_on_termination": true,
                "device_name": "/dev/sda1",
                "encrypted": true,
                "iops": 3000,
                "kms_key_id": "arn:aws:kms:eu-central-1:299138067566:key/891e380d-06fd-4c4f-998d-90fe99e07959",
                "tags": {
                  "Environment": "Development",
                  "Name": "devops-bastion-root-volume",
                  "Project": "DevOps"
                },
                "tags_all": {
                  "Environment": "Development",
                  "Name": "devops-bastion-root-volume",
                  "Project": "DevOps"
                },
                "throughput": 125,
                "volume_id": "vol-07f108e656d3ceb68",
                "volume_size": 20,
                "volume_type": "gp3"
              }
            ],
            "secondary_private_ips": [],
            "security_groups": [],
            "source_dest_check": true,
            "spot_instance_request_id": "",
            "subnet_id": "subnet-074a6549675c80c2c",
            "tags": {
              "Environment": "Development",
              "Name": "devops-bastion-monitoring",
              "Project": "DevOps",
              "Purpose": "Bastion Host for EKS Monitoring",
              "Type": "Bastion"
            },
            "tags_all": {
              "Environment": "Development",
              "Name": "devops-bastion-monitoring",
              "Project": "DevOps",
              "Purpose": "Bastion Host for EKS Monitoring",
              "Type": "Bastion"
            },
            "tenancy": "default",
            "timeouts": null,
            "user_data": null,
            "user_data_base64": "IyEvYmluL2Jhc2gNCnl1bSB1cGRhdGUgLXkNCnl1bSBpbnN0YWxsIC15IGRvY2tlcg0Kc3lzdGVtY3RsIHN0YXJ0IGRvY2tlcg0Kc3lzdGVtY3RsIGVuYWJsZSBkb2NrZXINCnVzZXJtb2QgLWEgLUcgZG9ja2VyIGVjMi11c2VyDQogICAgDQojIEluc3RhbGwga3ViZWN0bA0KY3VybCAtTE8gImh0dHBzOi8vZGwuazhzLmlvL3JlbGVhc2UvJChjdXJsIC1MIC1zIGh0dHBzOi8vZGwuazhzLmlvL3JlbGVhc2Uvc3RhYmxlLnR4dCkvYmluL2xpbnV4L2FtZDY0L2t1YmVjdGwiDQpjaG1vZCAreCBrdWJlY3RsDQptdiBrdWJlY3RsIC91c3IvbG9jYWwvYmluLw0KICAgIA0KIyBJbnN0YWxsIEFXUyBDTEkgdjINCmN1cmwgImh0dHBzOi8vYXdzY2xpLmFtYXpvbmF3cy5jb20vYXdzY2xpLWV4ZS1saW51eC14ODZfNjQuemlwIiAtbyAiYXdzY2xpdjIuemlwIg0KdW56aXAgYXdzY2xpdjIuemlwDQouL2F3cy9pbnN0YWxsDQogICAgDQojIEluc3RhbGwgZWtzY3RsDQpjdXJsIC0tc2lsZW50IC0tbG9jYXRpb24gImh0dHBzOi8vZ2l0aHViLmNvbS93ZWF2ZXdvcmtzL2Vrc2N0bC9yZWxlYXNlcy9sYXRlc3QvZG93bmxvYWQvZWtzY3RsXyQodW5hbWUgLXMpX2FtZDY0LnRhci5neiIgfCB0YXIgeHogLUMgL3RtcA0KbXYgL3RtcC9la3NjdGwgL3Vzci9sb2NhbC9iaW4NCiAgICANCiMgSW5zdGFsbCBIZWxtDQpjdXJsIGh0dHBzOi8vcmF3LmdpdGh1YnVzZXJjb250ZW50LmNvbS9oZWxtL2hlbG0vbWFpbi9zY3JpcHRzL2dldC1oZWxtLTMgfCBiYXNoDQo=",
            "user_data_replace_on_change": false,
            "volume_tags": null,
            "vpc_security_group_ids": [
              "sg-04f84f93bb00755d1"
            ]
          },
          "sensitive_attributes": [],
          "identity_schema_version": 0,
          "identity": {
            "account_id": "299138067566",
            "id": "i-0a57cc2d3a536dd4c",
            "region": "eu-central-1"
          },
          "private": "eyJlMmJmYjczMC1lY2FhLTExZTYtOGY4OC0zNDM2M2JjN2M0YzAiOnsiY3JlYXRlIjo2MDAwMDAwMDAwMDAsImRlbGV0ZSI6MTIwMDAwMDAwMDAwMCwicmVhZCI6OTAwMDAwMDAwMDAwLCJ1cGRhdGUiOjYwMDAwMDAwMDAwMH0sInNjaGVtYV92ZXJzaW9uIjoiMiJ9",
          "dependencies": [
            "aws_security_group.devops_ec2_sg",
            "aws_subnet.public_subnet_1",
            "aws_vpc.project_devops_vpc",
            "data.aws_availability_zones.available"
          ]
        }
      ]
    },
    {
      "mode": "managed",
      "type": "aws_internet_gateway",
      "name": "project_devops_igw",
      "provider": "provider[\"registry.terraform.io/hashicorp/aws\"]",
      "instances": [
        {
          "schema_version": 0,
          "attributes": {
            "arn": "arn:aws:ec2:eu-central-1:299138067566:internet-gateway/igw-069186249dbcdaf7c",
            "id": "igw-069186249dbcdaf7c",
            "owner_id": "299138067566",
            "region": "eu-central-1",
            "tags": {
              "Name": "project-devops-igw"
            },
            "tags_all": {
              "Name": "project-devops-igw"
            },
            "timeouts": null,
            "vpc_id": "vpc-03185688843e29520"
          },
          "sensitive_attributes": [],
          "identity_schema_version": 0,
          "private": "eyJlMmJmYjczMC1lY2FhLTExZTYtOGY4OC0zNDM2M2JjN2M0YzAiOnsiY3JlYXRlIjoxMjAwMDAwMDAwMDAwLCJkZWxldGUiOjEyMDAwMDAwMDAwMDAsInVwZGF0ZSI6MTIwMDAwMDAwMDAwMH19",
          "dependencies": [
            "aws_vpc.project_devops_vpc"
          ]
        }
      ]
    },
    {
      "mode": "managed",
      "type": "aws_nat_gateway",
      "name": "project_devops_nat",
      "provider": "provider[\"registry.terraform.io/hashicorp/aws\"]",
      "instances": [
        {
          "schema_version": 0,
          "attributes": {
            "allocation_id": "eipalloc-07231c6afaecd5265",
            "association_id": "eipassoc-02bf9e486a9974d31",
            "connectivity_type": "public",
            "id": "nat-0cf786a44231f1bc1",
            "network_interface_id": "eni-066fd9b1f31276731",
            "private_ip": "10.0.1.134",
            "public_ip": "18.153.195.5",
            "region": "eu-central-1",
            "secondary_allocation_ids": [],
            "secondary_private_ip_address_count": 0,
            "secondary_private_ip_addresses": [],
            "subnet_id": "subnet-074a6549675c80c2c",
            "tags": {
              "Name": "project-devops-nat-public1-eu-central-1a"
            },
            "tags_all": {
              "Name": "project-devops-nat-public1-eu-central-1a"
            },
            "timeouts": null
          },
          "sensitive_attributes": [],
          "identity_schema_version": 0,
          "private": "eyJlMmJmYjczMC1lY2FhLTExZTYtOGY4OC0zNDM2M2JjN2M0YzAiOnsiY3JlYXRlIjo2MDAwMDAwMDAwMDAsImRlbGV0ZSI6MTgwMDAwMDAwMDAwMCwidXBkYXRlIjo2MDAwMDAwMDAwMDB9fQ==",
          "dependencies": [
            "aws_eip.nat_eip",
            "aws_internet_gateway.project_devops_igw",
            "aws_subnet.public_subnet_1",
            "aws_vpc.project_devops_vpc",
            "data.aws_availability_zones.available"
          ]
        }
      ]
    },
    {
      "mode": "managed",
      "type": "aws_route_table",
      "name": "private_rtb_1",
      "provider": "provider[\"registry.terraform.io/hashicorp/aws\"]",
      "instances": [
        {
          "schema_version": 0,
          "attributes": {
            "arn": "arn:aws:ec2:eu-central-1:299138067566:route-table/rtb-0eb27c496ef6a9169",
            "id": "rtb-0eb27c496ef6a9169",
            "owner_id": "299138067566",
            "propagating_vgws": [],
            "region": "eu-central-1",
            "route": [
              {
                "carrier_gateway_id": "",
                "cidr_block": "0.0.0.0/0",
                "core_network_arn": "",
                "destination_prefix_list_id": "",
                "egress_only_gateway_id": "",
                "gateway_id": "",
                "ipv6_cidr_block": "",
                "local_gateway_id": "",
                "nat_gateway_id": "nat-0cf786a44231f1bc1",
                "network_interface_id": "",
                "transit_gateway_id": "",
                "vpc_endpoint_id": "",
                "vpc_peering_connection_id": ""
              }
            ],
            "tags": {
              "Name": "project-devops-rtb-private1-eu-central-1a"
            },
            "tags_all": {
              "Name": "project-devops-rtb-private1-eu-central-1a"
            },
            "timeouts": null,
            "vpc_id": "vpc-03185688843e29520"
          },
          "sensitive_attributes": [],
          "identity_schema_version": 0,
          "identity": {
            "account_id": "299138067566",
            "id": "rtb-0eb27c496ef6a9169",
            "region": "eu-central-1"
          },
          "private": "eyJlMmJmYjczMC1lY2FhLTExZTYtOGY4OC0zNDM2M2JjN2M0YzAiOnsiY3JlYXRlIjozMDAwMDAwMDAwMDAsImRlbGV0ZSI6MzAwMDAwMDAwMDAwLCJ1cGRhdGUiOjEyMDAwMDAwMDAwMH19",
          "dependencies": [
            "aws_eip.nat_eip",
            "aws_internet_gateway.project_devops_igw",
            "aws_nat_gateway.project_devops_nat",
            "aws_subnet.public_subnet_1",
            "aws_vpc.project_devops_vpc",
            "data.aws_availability_zones.available"
          ]
        }
      ]
    },
    {
      "mode": "managed",
      "type": "aws_route_table",
      "name": "private_rtb_2",
      "provider": "provider[\"registry.terraform.io/hashicorp/aws\"]",
      "instances": [
        {
          "schema_version": 0,
          "attributes": {
            "arn": "arn:aws:ec2:eu-central-1:299138067566:route-table/rtb-09bf203d6f377e17f",
            "id": "rtb-09bf203d6f377e17f",
            "owner_id": "299138067566",
            "propagating_vgws": [],
            "region": "eu-central-1",
            "route": [
              {
                "carrier_gateway_id": "",
                "cidr_block": "0.0.0.0/0",
                "core_network_arn": "",
                "destination_prefix_list_id": "",
                "egress_only_gateway_id": "",
                "gateway_id": "",
                "ipv6_cidr_block": "",
                "local_gateway_id": "",
                "nat_gateway_id": "nat-0cf786a44231f1bc1",
                "network_interface_id": "",
                "transit_gateway_id": "",
                "vpc_endpoint_id": "",
                "vpc_peering_connection_id": ""
              }
            ],
            "tags": {
              "Name": "project-devops-rtb-private2-eu-central-1b"
            },
            "tags_all": {
              "Name": "project-devops-rtb-private2-eu-central-1b"
            },
            "timeouts": null,
            "vpc_id": "vpc-03185688843e29520"
          },
          "sensitive_attributes": [],
          "identity_schema_version": 0,
          "identity": {
            "account_id": "299138067566",
            "id": "rtb-09bf203d6f377e17f",
            "region": "eu-central-1"
          },
          "private": "eyJlMmJmYjczMC1lY2FhLTExZTYtOGY4OC0zNDM2M2JjN2M0YzAiOnsiY3JlYXRlIjozMDAwMDAwMDAwMDAsImRlbGV0ZSI6MzAwMDAwMDAwMDAwLCJ1cGRhdGUiOjEyMDAwMDAwMDAwMH19",
          "dependencies": [
            "aws_eip.nat_eip",
            "aws_internet_gateway.project_devops_igw",
            "aws_nat_gateway.project_devops_nat",
            "aws_subnet.public_subnet_1",
            "aws_vpc.project_devops_vpc",
            "data.aws_availability_zones.available"
          ]
        }
      ]
    },
    {
      "mode": "managed",
      "type": "aws_route_table",
      "name": "public_rtb",
      "provider": "provider[\"registry.terraform.io/hashicorp/aws\"]",
      "instances": [
        {
          "schema_version": 0,
          "attributes": {
            "arn": "arn:aws:ec2:eu-central-1:299138067566:route-table/rtb-08d1a939e3b55f455",
            "id": "rtb-08d1a939e3b55f455",
            "owner_id": "299138067566",
            "propagating_vgws": [],
            "region": "eu-central-1",
            "route": [
              {
                "carrier_gateway_id": "",
                "cidr_block": "0.0.0.0/0",
                "core_network_arn": "",
                "destination_prefix_list_id": "",
                "egress_only_gateway_id": "",
                "gateway_id": "igw-069186249dbcdaf7c",
                "ipv6_cidr_block": "",
                "local_gateway_id": "",
                "nat_gateway_id": "",
                "network_interface_id": "",
                "transit_gateway_id": "",
                "vpc_endpoint_id": "",
                "vpc_peering_connection_id": ""
              }
            ],
            "tags": {
              "Name": "project-devops-rtb-public"
            },
            "tags_all": {
              "Name": "project-devops-rtb-public"
            },
            "timeouts": null,
            "vpc_id": "vpc-03185688843e29520"
          },
          "sensitive_attributes": [],
          "identity_schema_version": 0,
          "identity": {
            "account_id": "299138067566",
            "id": "rtb-08d1a939e3b55f455",
            "region": "eu-central-1"
          },
          "private": "eyJlMmJmYjczMC1lY2FhLTExZTYtOGY4OC0zNDM2M2JjN2M0YzAiOnsiY3JlYXRlIjozMDAwMDAwMDAwMDAsImRlbGV0ZSI6MzAwMDAwMDAwMDAwLCJ1cGRhdGUiOjEyMDAwMDAwMDAwMH19",
          "dependencies": [
            "aws_internet_gateway.project_devops_igw",
            "aws_vpc.project_devops_vpc"
          ]
        }
      ]
    },
    {
      "mode": "managed",
      "type": "aws_route_table_association",
      "name": "private_subnet_1_association",
      "provider": "provider[\"registry.terraform.io/hashicorp/aws\"]",
      "instances": [
        {
          "schema_version": 0,
          "attributes": {
            "gateway_id": "",
            "id": "rtbassoc-0f12bc69c449f624b",
            "region": "eu-central-1",
            "route_table_id": "rtb-0eb27c496ef6a9169",
            "subnet_id": "subnet-05f6d920c97137d97",
            "timeouts": null
          },
          "sensitive_attributes": [],
          "identity_schema_version": 0,
          "private": "eyJlMmJmYjczMC1lY2FhLTExZTYtOGY4OC0zNDM2M2JjN2M0YzAiOnsiY3JlYXRlIjozMDAwMDAwMDAwMDAsImRlbGV0ZSI6MzAwMDAwMDAwMDAwLCJ1cGRhdGUiOjEyMDAwMDAwMDAwMH19",
          "dependencies": [
            "aws_eip.nat_eip",
            "aws_internet_gateway.project_devops_igw",
            "aws_nat_gateway.project_devops_nat",
            "aws_route_table.private_rtb_1",
            "aws_subnet.private_subnet_1",
            "aws_subnet.public_subnet_1",
            "aws_vpc.project_devops_vpc",
            "data.aws_availability_zones.available"
          ]
        }
      ]
    },
    {
      "mode": "managed",
      "type": "aws_route_table_association",
      "name": "private_subnet_2_association",
      "provider": "provider[\"registry.terraform.io/hashicorp/aws\"]",
      "instances": [
        {
          "schema_version": 0,
          "attributes": {
            "gateway_id": "",
            "id": "rtbassoc-08ed8eced81663347",
            "region": "eu-central-1",
            "route_table_id": "rtb-09bf203d6f377e17f",
            "subnet_id": "subnet-05e101e5fc59ea135",
            "timeouts": null
          },
          "sensitive_attributes": [],
          "identity_schema_version": 0,
          "private": "eyJlMmJmYjczMC1lY2FhLTExZTYtOGY4OC0zNDM2M2JjN2M0YzAiOnsiY3JlYXRlIjozMDAwMDAwMDAwMDAsImRlbGV0ZSI6MzAwMDAwMDAwMDAwLCJ1cGRhdGUiOjEyMDAwMDAwMDAwMH19",
          "dependencies": [
            "aws_eip.nat_eip",
            "aws_internet_gateway.project_devops_igw",
            "aws_nat_gateway.project_devops_nat",
            "aws_route_table.private_rtb_2",
            "aws_subnet.private_subnet_2",
            "aws_subnet.public_subnet_1",
            "aws_vpc.project_devops_vpc",
            "data.aws_availability_zones.available"
          ]
        }
      ]
    },
    {
      "mode": "managed",
      "type": "aws_route_table_association",
      "name": "public_subnet_1_association",
      "provider": "provider[\"registry.terraform.io/hashicorp/aws\"]",
      "instances": [
        {
          "schema_version": 0,
          "attributes": {
            "gateway_id": "",
            "id": "rtbassoc-01d822dc915a7f358",
            "region": "eu-central-1",
            "route_table_id": "rtb-08d1a939e3b55f455",
            "subnet_id": "subnet-074a6549675c80c2c",
            "timeouts": null
          },
          "sensitive_attributes": [],
          "identity_schema_version": 0,
          "private": "eyJlMmJmYjczMC1lY2FhLTExZTYtOGY4OC0zNDM2M2JjN2M0YzAiOnsiY3JlYXRlIjozMDAwMDAwMDAwMDAsImRlbGV0ZSI6MzAwMDAwMDAwMDAwLCJ1cGRhdGUiOjEyMDAwMDAwMDAwMH19",
          "dependencies": [
            "aws_internet_gateway.project_devops_igw",
            "aws_route_table.public_rtb",
            "aws_subnet.public_subnet_1",
            "aws_vpc.project_devops_vpc",
            "data.aws_availability_zones.available"
          ]
        }
      ]
    },
    {
      "mode": "managed",
      "type": "aws_route_table_association",
      "name": "public_subnet_2_association",
      "provider": "provider[\"registry.terraform.io/hashicorp/aws\"]",
      "instances": [
        {
          "schema_version": 0,
          "attributes": {
            "gateway_id": "",
            "id": "rtbassoc-09acfa8a12e75acd5",
            "region": "eu-central-1",
            "route_table_id": "rtb-08d1a939e3b55f455",
            "subnet_id": "subnet-0726834ef8b632510",
            "timeouts": null
          },
          "sensitive_attributes": [],
          "identity_schema_version": 0,
          "private": "eyJlMmJmYjczMC1lY2FhLTExZTYtOGY4OC0zNDM2M2JjN2M0YzAiOnsiY3JlYXRlIjozMDAwMDAwMDAwMDAsImRlbGV0ZSI6MzAwMDAwMDAwMDAwLCJ1cGRhdGUiOjEyMDAwMDAwMDAwMH19",
          "dependencies": [
            "aws_internet_gateway.project_devops_igw",
            "aws_route_table.public_rtb",
            "aws_subnet.public_subnet_2",
            "aws_vpc.project_devops_vpc",
            "data.aws_availability_zones.available"
          ]
        }
      ]
    },
    {
      "mode": "managed",
      "type": "aws_security_group",
      "name": "devops_ec2_sg",
      "provider": "provider[\"registry.terraform.io/hashicorp/aws\"]",
      "instances": [
        {
          "schema_version": 1,
          "attributes": {
            "arn": "arn:aws:ec2:eu-central-1:299138067566:security-group/sg-04f84f93bb00755d1",
            "description": "Security group for DevOps EC2 bastion host",
            "egress": [
              {
                "cidr_blocks": [
                  "0.0.0.0/0"
                ],
                "description": "All outbound traffic",
                "from_port": 0,
                "ipv6_cidr_blocks": [],
                "prefix_list_ids": [],
                "protocol": "-1",
                "security_groups": [],
                "self": false,
                "to_port": 0
              }
            ],
            "id": "sg-04f84f93bb00755d1",
            "ingress": [
              {
                "cidr_blocks": [
                  "0.0.0.0/0"
                ],
                "description": "HTTP",
                "from_port": 80,
                "ipv6_cidr_blocks": [],
                "prefix_list_ids": [],
                "protocol": "tcp",
                "security_groups": [],
                "self": false,
                "to_port": 80
              },
              {
                "cidr_blocks": [
                  "0.0.0.0/0"
                ],
                "description": "HTTPS",
                "from_port": 443,
                "ipv6_cidr_blocks": [],
                "prefix_list_ids": [],
                "protocol": "tcp",
                "security_groups": [],
                "self": false,
                "to_port": 443
              },
              {
                "cidr_blocks": [
                  "0.0.0.0/0"
                ],
                "description": "SSH",
                "from_port": 22,
                "ipv6_cidr_blocks": [],
                "prefix_list_ids": [],
                "protocol": "tcp",
                "security_groups": [],
                "self": false,
                "to_port": 22
              }
            ],
            "name": "devops_ec2_sg",
            "name_prefix": "",
            "owner_id": "299138067566",
            "region": "eu-central-1",
            "revoke_rules_on_delete": false,
            "tags": {
              "Environment": "Development",
              "Name": "devops_ec2_sg",
              "Project": "DevOps",
              "Purpose": "Bastion Host"
            },
            "tags_all": {
              "Environment": "Development",
              "Name": "devops_ec2_sg",
              "Project": "DevOps",
              "Purpose": "Bastion Host"
            },
            "timeouts": null,
            "vpc_id": "vpc-03185688843e29520"
          },
          "sensitive_attributes": [],
          "identity_schema_version": 0,
          "identity": {
            "account_id": "299138067566",
            "id": "sg-04f84f93bb00755d1",
            "region": "eu-central-1"
          },
          "private": "eyJlMmJmYjczMC1lY2FhLTExZTYtOGY4OC0zNDM2M2JjN2M0YzAiOnsiY3JlYXRlIjo2MDAwMDAwMDAwMDAsImRlbGV0ZSI6OTAwMDAwMDAwMDAwfSwic2NoZW1hX3ZlcnNpb24iOiIxIn0=",
          "dependencies": [
            "aws_vpc.project_devops_vpc"
          ]
        }
      ]
    },
    {
      "mode": "managed",
      "type": "aws_security_group",
      "name": "eks_cluster_sg",
      "provider": "provider[\"registry.terraform.io/hashicorp/aws\"]",
      "instances": [
        {
          "schema_version": 1,
          "attributes": {
            "arn": "arn:aws:ec2:eu-central-1:299138067566:security-group/sg-0343932639844c8b2",
            "description": "EKS created security group applied to ENI that is attached to EKS Control Plane master nodes, as well as any managed workloads.",
            "egress": [
              {
                "cidr_blocks": [
                  "0.0.0.0/0"
                ],
                "description": "Allow all outbound traffic",
                "from_port": 0,
                "ipv6_cidr_blocks": [],
                "prefix_list_ids": [],
                "protocol": "-1",
                "security_groups": [],
                "self": false,
                "to_port": 0
              },
              {
                "cidr_blocks": [],
                "description": "Allow all outbound traffic to self",
                "from_port": 0,
                "ipv6_cidr_blocks": [],
                "prefix_list_ids": [],
                "protocol": "-1",
                "security_groups": [],
                "self": true,
                "to_port": 0
              }
            ],
            "id": "sg-0343932639844c8b2",
            "ingress": [
              {
                "cidr_blocks": [],
                "description": "Allow all traffic from self",
                "from_port": 0,
                "ipv6_cidr_blocks": [],
                "prefix_list_ids": [],
                "protocol": "-1",
                "security_groups": [],
                "self": true,
                "to_port": 0
              }
            ],
            "name": "eks-cluster-sg",
            "name_prefix": "",
            "owner_id": "299138067566",
            "region": "eu-central-1",
            "revoke_rules_on_delete": false,
            "tags": {
              "Description": "EKS Cluster Security Group",
              "Environment": "Development",
              "Name": "eks-cluster-sg",
              "Project": "DevOps"
            },
            "tags_all": {
              "Description": "EKS Cluster Security Group",
              "Environment": "Development",
              "Name": "eks-cluster-sg",
              "Project": "DevOps"
            },
            "timeouts": null,
            "vpc_id": "vpc-03185688843e29520"
          },
          "sensitive_attributes": [],
          "identity_schema_version": 0,
          "identity": {
            "account_id": "299138067566",
            "id": "sg-0343932639844c8b2",
            "region": "eu-central-1"
          },
          "private": "eyJlMmJmYjczMC1lY2FhLTExZTYtOGY4OC0zNDM2M2JjN2M0YzAiOnsiY3JlYXRlIjo2MDAwMDAwMDAwMDAsImRlbGV0ZSI6OTAwMDAwMDAwMDAwfSwic2NoZW1hX3ZlcnNpb24iOiIxIn0=",
          "dependencies": [
            "aws_vpc.project_devops_vpc"
          ]
        }
      ]
    },
    {
      "mode": "managed",
      "type": "aws_security_group",
      "name": "eks_node_sg",
      "provider": "provider[\"registry.terraform.io/hashicorp/aws\"]",
      "instances": [
        {
          "schema_version": 1,
          "attributes": {
            "arn": "arn:aws:ec2:eu-central-1:299138067566:security-group/sg-06608411a2e9d31ce",
            "description": "Security group for EKS worker nodes",
            "egress": [
              {
                "cidr_blocks": [
                  "0.0.0.0/0"
                ],
                "description": "Allow all outbound traffic",
                "from_port": 0,
                "ipv6_cidr_blocks": [],
                "prefix_list_ids": [],
                "protocol": "-1",
                "security_groups": [],
                "self": false,
                "to_port": 0
              }
            ],
            "id": "sg-06608411a2e9d31ce",
            "ingress": [
              {
                "cidr_blocks": [
                  "0.0.0.0/0"
                ],
                "description": "Allow HTTP",
                "from_port": 80,
                "ipv6_cidr_blocks": [],
                "prefix_list_ids": [],
                "protocol": "tcp",
                "security_groups": [],
                "self": false,
                "to_port": 80
              },
              {
                "cidr_blocks": [
                  "0.0.0.0/0"
                ],
                "description": "Allow HTTPS",
                "from_port": 443,
                "ipv6_cidr_blocks": [],
                "prefix_list_ids": [],
                "protocol": "tcp",
                "security_groups": [],
                "self": false,
                "to_port": 443
              },
              {
                "cidr_blocks": [
                  "0.0.0.0/0"
                ],
                "description": "Allow SSH",
                "from_port": 22,
                "ipv6_cidr_blocks": [],
                "prefix_list_ids": [],
                "protocol": "tcp",
                "security_groups": [],
                "self": false,
                "to_port": 22
              },
              {
                "cidr_blocks": [],
                "description": "Allow all traffic from nodes",
                "from_port": 0,
                "ipv6_cidr_blocks": [],
                "prefix_list_ids": [],
                "protocol": "-1",
                "security_groups": [],
                "self": true,
                "to_port": 0
              },
              {
                "cidr_blocks": [],
                "description": "Allow traffic from EKS cluster",
                "from_port": 0,
                "ipv6_cidr_blocks": [],
                "prefix_list_ids": [],
                "protocol": "tcp",
                "security_groups": [
                  "sg-0343932639844c8b2"
                ],
                "self": false,
                "to_port": 65535
              }
            ],
            "name": "eks-node-sg",
            "name_prefix": "",
            "owner_id": "299138067566",
            "region": "eu-central-1",
            "revoke_rules_on_delete": false,
            "tags": {
              "Description": "EKS Node Group Security Group",
              "Environment": "Development",
              "Name": "eks-node-sg",
              "Project": "DevOps"
            },
            "tags_all": {
              "Description": "EKS Node Group Security Group",
              "Environment": "Development",
              "Name": "eks-node-sg",
              "Project": "DevOps"
            },
            "timeouts": null,
            "vpc_id": "vpc-03185688843e29520"
          },
          "sensitive_attributes": [],
          "identity_schema_version": 0,
          "identity": {
            "account_id": "299138067566",
            "id": "sg-06608411a2e9d31ce",
            "region": "eu-central-1"
          },
          "private": "eyJlMmJmYjczMC1lY2FhLTExZTYtOGY4OC0zNDM2M2JjN2M0YzAiOnsiY3JlYXRlIjo2MDAwMDAwMDAwMDAsImRlbGV0ZSI6OTAwMDAwMDAwMDAwfSwic2NoZW1hX3ZlcnNpb24iOiIxIn0=",
          "dependencies": [
            "aws_security_group.eks_cluster_sg",
            "aws_vpc.project_devops_vpc"
          ]
        }
      ]
    },
    {
      "mode": "managed",
      "type": "aws_security_group_rule",
      "name": "eks_allow_bastion_https",
      "provider": "provider[\"registry.terraform.io/hashicorp/aws\"]",
      "instances": [
        {
          "schema_version": 2,
          "attributes": {
            "cidr_blocks": null,
            "description": "Allow bastion host to access EKS API server",
            "from_port": 443,
            "id": "sgrule-1849099258",
            "ipv6_cidr_blocks": null,
            "prefix_list_ids": null,
            "protocol": "tcp",
            "region": "eu-central-1",
            "security_group_id": "sg-0343932639844c8b2",
            "security_group_rule_id": "sgr-0f01f4dc56d52d11d",
            "self": false,
            "source_security_group_id": "sg-04f84f93bb00755d1",
            "timeouts": null,
            "to_port": 443,
            "type": "ingress"
          },
          "sensitive_attributes": [],
          "identity_schema_version": 0,
          "private": "eyJlMmJmYjczMC1lY2FhLTExZTYtOGY4OC0zNDM2M2JjN2M0YzAiOnsiY3JlYXRlIjozMDAwMDAwMDAwMDB9LCJzY2hlbWFfdmVyc2lvbiI6IjIifQ==",
          "dependencies": [
            "aws_security_group.devops_ec2_sg",
            "aws_security_group.eks_cluster_sg",
            "aws_vpc.project_devops_vpc"
          ]
        }
      ]
    },
    {
      "mode": "managed",
      "type": "aws_subnet",
      "name": "private_subnet_1",
      "provider": "provider[\"registry.terraform.io/hashicorp/aws\"]",
      "instances": [
        {
          "schema_version": 1,
          "attributes": {
            "arn": "arn:aws:ec2:eu-central-1:299138067566:subnet/subnet-05f6d920c97137d97",
            "assign_ipv6_address_on_creation": false,
            "availability_zone": "eu-central-1a",
            "availability_zone_id": "euc1-az2",
            "cidr_block": "10.0.3.0/24",
            "customer_owned_ipv4_pool": "",
            "enable_dns64": false,
            "enable_lni_at_device_index": 0,
            "enable_resource_name_dns_a_record_on_launch": false,
            "enable_resource_name_dns_aaaa_record_on_launch": false,
            "id": "subnet-05f6d920c97137d97",
            "ipv6_cidr_block": "",
            "ipv6_cidr_block_association_id": "",
            "ipv6_native": false,
            "map_customer_owned_ip_on_launch": false,
            "map_public_ip_on_launch": false,
            "outpost_arn": "",
            "owner_id": "299138067566",
            "private_dns_hostname_type_on_launch": "ip-name",
            "region": "eu-central-1",
            "tags": {
              "Name": "project-devops-subnet-private1-eu-central-1a",
              "Type": "Private"
            },
            "tags_all": {
              "Name": "project-devops-subnet-private1-eu-central-1a",
              "Type": "Private"
            },
            "timeouts": null,
            "vpc_id": "vpc-03185688843e29520"
          },
          "sensitive_attributes": [],
          "identity_schema_version": 0,
          "identity": {
            "account_id": "299138067566",
            "id": "subnet-05f6d920c97137d97",
            "region": "eu-central-1"
          },
          "private": "eyJlMmJmYjczMC1lY2FhLTExZTYtOGY4OC0zNDM2M2JjN2M0YzAiOnsiY3JlYXRlIjo2MDAwMDAwMDAwMDAsImRlbGV0ZSI6MTIwMDAwMDAwMDAwMH0sInNjaGVtYV92ZXJzaW9uIjoiMSJ9",
          "dependencies": [
            "aws_vpc.project_devops_vpc",
            "data.aws_availability_zones.available"
          ]
        }
      ]
    },
    {
      "mode": "managed",
      "type": "aws_subnet",
      "name": "private_subnet_2",
      "provider": "provider[\"registry.terraform.io/hashicorp/aws\"]",
      "instances": [
        {
          "schema_version": 1,
          "attributes": {
            "arn": "arn:aws:ec2:eu-central-1:299138067566:subnet/subnet-05e101e5fc59ea135",
            "assign_ipv6_address_on_creation": false,
            "availability_zone": "eu-central-1b",
            "availability_zone_id": "euc1-az3",
            "cidr_block": "10.0.4.0/24",
            "customer_owned_ipv4_pool": "",
            "enable_dns64": false,
            "enable_lni_at_device_index": 0,
            "enable_resource_name_dns_a_record_on_launch": false,
            "enable_resource_name_dns_aaaa_record_on_launch": false,
            "id": "subnet-05e101e5fc59ea135",
            "ipv6_cidr_block": "",
            "ipv6_cidr_block_association_id": "",
            "ipv6_native": false,
            "map_customer_owned_ip_on_launch": false,
            "map_public_ip_on_launch": false,
            "outpost_arn": "",
            "owner_id": "299138067566",
            "private_dns_hostname_type_on_launch": "ip-name",
            "region": "eu-central-1",
            "tags": {
              "Name": "project-devops-subnet-private2-eu-central-1b",
              "Type": "Private"
            },
            "tags_all": {
              "Name": "project-devops-subnet-private2-eu-central-1b",
              "Type": "Private"
            },
            "timeouts": null,
            "vpc_id": "vpc-03185688843e29520"
          },
          "sensitive_attributes": [],
          "identity_schema_version": 0,
          "identity": {
            "account_id": "299138067566",
            "id": "subnet-05e101e5fc59ea135",
            "region": "eu-central-1"
          },
          "private": "eyJlMmJmYjczMC1lY2FhLTExZTYtOGY4OC0zNDM2M2JjN2M0YzAiOnsiY3JlYXRlIjo2MDAwMDAwMDAwMDAsImRlbGV0ZSI6MTIwMDAwMDAwMDAwMH0sInNjaGVtYV92ZXJzaW9uIjoiMSJ9",
          "dependencies": [
            "aws_vpc.project_devops_vpc",
            "data.aws_availability_zones.available"
          ]
        }
      ]
    },
    {
      "mode": "managed",
      "type": "aws_subnet",
      "name": "public_subnet_1",
      "provider": "provider[\"registry.terraform.io/hashicorp/aws\"]",
      "instances": [
        {
          "schema_version": 1,
          "attributes": {
            "arn": "arn:aws:ec2:eu-central-1:299138067566:subnet/subnet-074a6549675c80c2c",
            "assign_ipv6_address_on_creation": false,
            "availability_zone": "eu-central-1a",
            "availability_zone_id": "euc1-az2",
            "cidr_block": "10.0.1.0/24",
            "customer_owned_ipv4_pool": "",
            "enable_dns64": false,
            "enable_lni_at_device_index": 0,
            "enable_resource_name_dns_a_record_on_launch": false,
            "enable_resource_name_dns_aaaa_record_on_launch": false,
            "id": "subnet-074a6549675c80c2c",
            "ipv6_cidr_block": "",
            "ipv6_cidr_block_association_id": "",
            "ipv6_native": false,
            "map_customer_owned_ip_on_launch": false,
            "map_public_ip_on_launch": true,
            "outpost_arn": "",
            "owner_id": "299138067566",
            "private_dns_hostname_type_on_launch": "ip-name",
            "region": "eu-central-1",
            "tags": {
              "Name": "project-devops-subnet-public1-eu-central-1a",
              "Type": "Public"
            },
            "tags_all": {
              "Name": "project-devops-subnet-public1-eu-central-1a",
              "Type": "Public"
            },
            "timeouts": null,
            "vpc_id": "vpc-03185688843e29520"
          },
          "sensitive_attributes": [],
          "identity_schema_version": 0,
          "identity": {
            "account_id": "299138067566",
            "id": "subnet-074a6549675c80c2c",
            "region": "eu-central-1"
          },
          "private": "eyJlMmJmYjczMC1lY2FhLTExZTYtOGY4OC0zNDM2M2JjN2M0YzAiOnsiY3JlYXRlIjo2MDAwMDAwMDAwMDAsImRlbGV0ZSI6MTIwMDAwMDAwMDAwMH0sInNjaGVtYV92ZXJzaW9uIjoiMSJ9",
          "dependencies": [
            "aws_vpc.project_devops_vpc",
            "data.aws_availability_zones.available"
          ]
        }
      ]
    },
    {
      "mode": "managed",
      "type": "aws_subnet",
      "name": "public_subnet_2",
      "provider": "provider[\"registry.terraform.io/hashicorp/aws\"]",
      "instances": [
        {
          "schema_version": 1,
          "attributes": {
            "arn": "arn:aws:ec2:eu-central-1:299138067566:subnet/subnet-0726834ef8b632510",
            "assign_ipv6_address_on_creation": false,
            "availability_zone": "eu-central-1b",
            "availability_zone_id": "euc1-az3",
            "cidr_block": "10.0.2.0/24",
            "customer_owned_ipv4_pool": "",
            "enable_dns64": false,
            "enable_lni_at_device_index": 0,
            "enable_resource_name_dns_a_record_on_launch": false,
            "enable_resource_name_dns_aaaa_record_on_launch": false,
            "id": "subnet-0726834ef8b632510",
            "ipv6_cidr_block": "",
            "ipv6_cidr_block_association_id": "",
            "ipv6_native": false,
            "map_customer_owned_ip_on_launch": false,
            "map_public_ip_on_launch": true,
            "outpost_arn": "",
            "owner_id": "299138067566",
            "private_dns_hostname_type_on_launch": "ip-name",
            "region": "eu-central-1",
            "tags": {
              "Name": "project-devops-subnet-public2-eu-central-1b",
              "Type": "Public"
            },
            "tags_all": {
              "Name": "project-devops-subnet-public2-eu-central-1b",
              "Type": "Public"
            },
            "timeouts": null,
            "vpc_id": "vpc-03185688843e29520"
          },
          "sensitive_attributes": [],
          "identity_schema_version": 0,
          "identity": {
            "account_id": "299138067566",
            "id": "subnet-0726834ef8b632510",
            "region": "eu-central-1"
          },
          "private": "eyJlMmJmYjczMC1lY2FhLTExZTYtOGY4OC0zNDM2M2JjN2M0YzAiOnsiY3JlYXRlIjo2MDAwMDAwMDAwMDAsImRlbGV0ZSI6MTIwMDAwMDAwMDAwMH0sInNjaGVtYV92ZXJzaW9uIjoiMSJ9",
          "dependencies": [
            "aws_vpc.project_devops_vpc",
            "data.aws_availability_zones.available"
          ]
        }
      ]
    },
    {
      "mode": "managed",
      "type": "aws_vpc",
      "name": "project_devops_vpc",
      "provider": "provider[\"registry.terraform.io/hashicorp/aws\"]",
      "instances": [
        {
          "schema_version": 1,
          "attributes": {
            "arn": "arn:aws:ec2:eu-central-1:299138067566:vpc/vpc-03185688843e29520",
            "assign_generated_ipv6_cidr_block": false,
            "cidr_block": "10.0.0.0/16",
            "default_network_acl_id": "acl-0e2b9660e52947777",
            "default_route_table_id": "rtb-0cabcee430bca980a",
            "default_security_group_id": "sg-0bf42bd82174e6299",
            "dhcp_options_id": "dopt-4e6d0f24",
            "enable_dns_hostnames": true,
            "enable_dns_support": true,
            "enable_network_address_usage_metrics": false,
            "id": "vpc-03185688843e29520",
            "instance_tenancy": "default",
            "ipv4_ipam_pool_id": null,
            "ipv4_netmask_length": null,
            "ipv6_association_id": "",
            "ipv6_cidr_block": "",
            "ipv6_cidr_block_network_border_group": "",
            "ipv6_ipam_pool_id": "",
            "ipv6_netmask_length": 0,
            "main_route_table_id": "rtb-0cabcee430bca980a",
            "owner_id": "299138067566",
            "region": "eu-central-1",
            "tags": {
              "Name": "project-devops-vpc"
            },
            "tags_all": {
              "Name": "project-devops-vpc"
            }
          },
          "sensitive_attributes": [],
          "identity_schema_version": 0,
          "private": "eyJzY2hlbWFfdmVyc2lvbiI6IjEifQ=="
        }
      ]
    }
  ],
  "check_results": null
}
